// !$*UTF8*$!
{
	archiveVersion = 1;
	classes = {
	};
	objectVersion = 56;
	objects = {

/* Begin PBXBuildFile section */
		2966E2F80B728E09BC12E86A /* Pods_MapBlueprint.framework in Frameworks */ = {isa = PBXBuildFile; fileRef = F8DF4CACE7A3A4D82EE30797 /* Pods_MapBlueprint.framework */; };
		5C2353602B6EC1BE0086D602 /* OBD2ViewContoller.swift in Sources */ = {isa = PBXBuildFile; fileRef = 5C23535F2B6EC1BE0086D602 /* OBD2ViewContoller.swift */; };
		5C2353622B6EC1C60086D602 /* OBD2EventHandler.swift in Sources */ = {isa = PBXBuildFile; fileRef = 5C2353612B6EC1C60086D602 /* OBD2EventHandler.swift */; };
		5C2353642B6EC1D10086D602 /* OBD2Interactor.swift in Sources */ = {isa = PBXBuildFile; fileRef = 5C2353632B6EC1D10086D602 /* OBD2Interactor.swift */; };
		5C2353662B6EC1DA0086D602 /* OBD2Router.swift in Sources */ = {isa = PBXBuildFile; fileRef = 5C2353652B6EC1DA0086D602 /* OBD2Router.swift */; };
		5C2353682B6EC1E40086D602 /* OBD2DataManager.swift in Sources */ = {isa = PBXBuildFile; fileRef = 5C2353672B6EC1E40086D602 /* OBD2DataManager.swift */; };
		5CBAED532B6B0A7E006C1A34 /* AppDelegate.swift in Sources */ = {isa = PBXBuildFile; fileRef = 5CBAED522B6B0A7E006C1A34 /* AppDelegate.swift */; };
		5CBAED552B6B0A7E006C1A34 /* SceneDelegate.swift in Sources */ = {isa = PBXBuildFile; fileRef = 5CBAED542B6B0A7E006C1A34 /* SceneDelegate.swift */; };
		5CBAED572B6B0A7E006C1A34 /* ViewController.swift in Sources */ = {isa = PBXBuildFile; fileRef = 5CBAED562B6B0A7E006C1A34 /* ViewController.swift */; };
		5CBAED5A2B6B0A7E006C1A34 /* Main.storyboard in Resources */ = {isa = PBXBuildFile; fileRef = 5CBAED582B6B0A7E006C1A34 /* Main.storyboard */; };
		5CBAED5C2B6B0A7F006C1A34 /* Assets.xcassets in Resources */ = {isa = PBXBuildFile; fileRef = 5CBAED5B2B6B0A7F006C1A34 /* Assets.xcassets */; };
		5CBAED5F2B6B0A7F006C1A34 /* LaunchScreen.storyboard in Resources */ = {isa = PBXBuildFile; fileRef = 5CBAED5D2B6B0A7F006C1A34 /* LaunchScreen.storyboard */; };
		5CF2304A2B6B0C9B00A9E7C6 /* HomeViewController.swift in Sources */ = {isa = PBXBuildFile; fileRef = 5CF230492B6B0C9B00A9E7C6 /* HomeViewController.swift */; };
		5CF2304C2B6B0CA300A9E7C6 /* HomeEventHandler.swift in Sources */ = {isa = PBXBuildFile; fileRef = 5CF2304B2B6B0CA300A9E7C6 /* HomeEventHandler.swift */; };
		5CF2304E2B6B0CA900A9E7C6 /* HomeInteractor.swift in Sources */ = {isa = PBXBuildFile; fileRef = 5CF2304D2B6B0CA900A9E7C6 /* HomeInteractor.swift */; };
		5CF230502B6B0CAE00A9E7C6 /* HomeRouter.swift in Sources */ = {isa = PBXBuildFile; fileRef = 5CF2304F2B6B0CAE00A9E7C6 /* HomeRouter.swift */; };
		5CF230522B6B0CB900A9E7C6 /* HomeDataManager.swift in Sources */ = {isa = PBXBuildFile; fileRef = 5CF230512B6B0CB900A9E7C6 /* HomeDataManager.swift */; };
		5CF230552B6B10AC00A9E7C6 /* SettingsViewController.swift in Sources */ = {isa = PBXBuildFile; fileRef = 5CF230542B6B10AC00A9E7C6 /* SettingsViewController.swift */; };
		5CF230572B6B10C500A9E7C6 /* SettingsEventHandler.swift in Sources */ = {isa = PBXBuildFile; fileRef = 5CF230562B6B10C500A9E7C6 /* SettingsEventHandler.swift */; };
		5CF230592B6B10E300A9E7C6 /* SettingsInteractor.swift in Sources */ = {isa = PBXBuildFile; fileRef = 5CF230582B6B10E300A9E7C6 /* SettingsInteractor.swift */; };
		5CF2305B2B6B10FF00A9E7C6 /* SettingsRouter.swift in Sources */ = {isa = PBXBuildFile; fileRef = 5CF2305A2B6B10FF00A9E7C6 /* SettingsRouter.swift */; };
		5CF2305D2B6B111500A9E7C6 /* SettingsDataManager.swift in Sources */ = {isa = PBXBuildFile; fileRef = 5CF2305C2B6B111500A9E7C6 /* SettingsDataManager.swift */; };
		5CF230602B6B117700A9E7C6 /* TermsViewController.swift in Sources */ = {isa = PBXBuildFile; fileRef = 5CF2305F2B6B117700A9E7C6 /* TermsViewController.swift */; };
		5CF230622B6B118C00A9E7C6 /* AboutViewController.swift in Sources */ = {isa = PBXBuildFile; fileRef = 5CF230612B6B118C00A9E7C6 /* AboutViewController.swift */; };
		5CF230662B6B11BC00A9E7C6 /* TableOption.swift in Sources */ = {isa = PBXBuildFile; fileRef = 5CF230652B6B11BC00A9E7C6 /* TableOption.swift */; };
		5CF230682B6B11E900A9E7C6 /* TableViewCellFactory.swift in Sources */ = {isa = PBXBuildFile; fileRef = 5CF230672B6B11E900A9E7C6 /* TableViewCellFactory.swift */; };
/* End PBXBuildFile section */

/* Begin PBXFileReference section */
		2E7B9A0B11C09A11479F6100 /* Pods-MapBlueprint.release.xcconfig */ = {isa = PBXFileReference; includeInIndex = 1; lastKnownFileType = text.xcconfig; name = "Pods-MapBlueprint.release.xcconfig"; path = "Target Support Files/Pods-MapBlueprint/Pods-MapBlueprint.release.xcconfig"; sourceTree = "<group>"; };
		5C23535F2B6EC1BE0086D602 /* OBD2ViewContoller.swift */ = {isa = PBXFileReference; lastKnownFileType = sourcecode.swift; path = OBD2ViewContoller.swift; sourceTree = "<group>"; };
		5C2353612B6EC1C60086D602 /* OBD2EventHandler.swift */ = {isa = PBXFileReference; lastKnownFileType = sourcecode.swift; path = OBD2EventHandler.swift; sourceTree = "<group>"; };
		5C2353632B6EC1D10086D602 /* OBD2Interactor.swift */ = {isa = PBXFileReference; lastKnownFileType = sourcecode.swift; path = OBD2Interactor.swift; sourceTree = "<group>"; };
		5C2353652B6EC1DA0086D602 /* OBD2Router.swift */ = {isa = PBXFileReference; lastKnownFileType = sourcecode.swift; path = OBD2Router.swift; sourceTree = "<group>"; };
		5C2353672B6EC1E40086D602 /* OBD2DataManager.swift */ = {isa = PBXFileReference; lastKnownFileType = sourcecode.swift; path = OBD2DataManager.swift; sourceTree = "<group>"; };
		5CBAED4F2B6B0A7E006C1A34 /* MapBlueprint.app */ = {isa = PBXFileReference; explicitFileType = wrapper.application; includeInIndex = 0; path = MapBlueprint.app; sourceTree = BUILT_PRODUCTS_DIR; };
		5CBAED522B6B0A7E006C1A34 /* AppDelegate.swift */ = {isa = PBXFileReference; lastKnownFileType = sourcecode.swift; path = AppDelegate.swift; sourceTree = "<group>"; };
		5CBAED542B6B0A7E006C1A34 /* SceneDelegate.swift */ = {isa = PBXFileReference; lastKnownFileType = sourcecode.swift; path = SceneDelegate.swift; sourceTree = "<group>"; };
		5CBAED562B6B0A7E006C1A34 /* ViewController.swift */ = {isa = PBXFileReference; lastKnownFileType = sourcecode.swift; path = ViewController.swift; sourceTree = "<group>"; };
		5CBAED592B6B0A7E006C1A34 /* Base */ = {isa = PBXFileReference; lastKnownFileType = file.storyboard; name = Base; path = Base.lproj/Main.storyboard; sourceTree = "<group>"; };
		5CBAED5B2B6B0A7F006C1A34 /* Assets.xcassets */ = {isa = PBXFileReference; lastKnownFileType = folder.assetcatalog; path = Assets.xcassets; sourceTree = "<group>"; };
		5CBAED5E2B6B0A7F006C1A34 /* Base */ = {isa = PBXFileReference; lastKnownFileType = file.storyboard; name = Base; path = Base.lproj/LaunchScreen.storyboard; sourceTree = "<group>"; };
		5CBAED602B6B0A7F006C1A34 /* Info.plist */ = {isa = PBXFileReference; lastKnownFileType = text.plist.xml; path = Info.plist; sourceTree = "<group>"; };
		5CF230492B6B0C9B00A9E7C6 /* HomeViewController.swift */ = {isa = PBXFileReference; lastKnownFileType = sourcecode.swift; path = HomeViewController.swift; sourceTree = "<group>"; };
		5CF2304B2B6B0CA300A9E7C6 /* HomeEventHandler.swift */ = {isa = PBXFileReference; lastKnownFileType = sourcecode.swift; path = HomeEventHandler.swift; sourceTree = "<group>"; };
		5CF2304D2B6B0CA900A9E7C6 /* HomeInteractor.swift */ = {isa = PBXFileReference; lastKnownFileType = sourcecode.swift; path = HomeInteractor.swift; sourceTree = "<group>"; };
		5CF2304F2B6B0CAE00A9E7C6 /* HomeRouter.swift */ = {isa = PBXFileReference; lastKnownFileType = sourcecode.swift; path = HomeRouter.swift; sourceTree = "<group>"; };
		5CF230512B6B0CB900A9E7C6 /* HomeDataManager.swift */ = {isa = PBXFileReference; lastKnownFileType = sourcecode.swift; path = HomeDataManager.swift; sourceTree = "<group>"; };
		5CF230542B6B10AC00A9E7C6 /* SettingsViewController.swift */ = {isa = PBXFileReference; lastKnownFileType = sourcecode.swift; path = SettingsViewController.swift; sourceTree = "<group>"; };
		5CF230562B6B10C500A9E7C6 /* SettingsEventHandler.swift */ = {isa = PBXFileReference; lastKnownFileType = sourcecode.swift; path = SettingsEventHandler.swift; sourceTree = "<group>"; };
		5CF230582B6B10E300A9E7C6 /* SettingsInteractor.swift */ = {isa = PBXFileReference; lastKnownFileType = sourcecode.swift; path = SettingsInteractor.swift; sourceTree = "<group>"; };
		5CF2305A2B6B10FF00A9E7C6 /* SettingsRouter.swift */ = {isa = PBXFileReference; lastKnownFileType = sourcecode.swift; path = SettingsRouter.swift; sourceTree = "<group>"; };
		5CF2305C2B6B111500A9E7C6 /* SettingsDataManager.swift */ = {isa = PBXFileReference; lastKnownFileType = sourcecode.swift; path = SettingsDataManager.swift; sourceTree = "<group>"; };
		5CF2305F2B6B117700A9E7C6 /* TermsViewController.swift */ = {isa = PBXFileReference; lastKnownFileType = sourcecode.swift; path = TermsViewController.swift; sourceTree = "<group>"; };
		5CF230612B6B118C00A9E7C6 /* AboutViewController.swift */ = {isa = PBXFileReference; lastKnownFileType = sourcecode.swift; path = AboutViewController.swift; sourceTree = "<group>"; };
		5CF230652B6B11BC00A9E7C6 /* TableOption.swift */ = {isa = PBXFileReference; lastKnownFileType = sourcecode.swift; path = TableOption.swift; sourceTree = "<group>"; };
		5CF230672B6B11E900A9E7C6 /* TableViewCellFactory.swift */ = {isa = PBXFileReference; lastKnownFileType = sourcecode.swift; path = TableViewCellFactory.swift; sourceTree = "<group>"; };
		D45406EAD133B6BCE2C2D1F5 /* Pods-MapBlueprint.debug.xcconfig */ = {isa = PBXFileReference; includeInIndex = 1; lastKnownFileType = text.xcconfig; name = "Pods-MapBlueprint.debug.xcconfig"; path = "Target Support Files/Pods-MapBlueprint/Pods-MapBlueprint.debug.xcconfig"; sourceTree = "<group>"; };
		F8DF4CACE7A3A4D82EE30797 /* Pods_MapBlueprint.framework */ = {isa = PBXFileReference; explicitFileType = wrapper.framework; includeInIndex = 0; path = Pods_MapBlueprint.framework; sourceTree = BUILT_PRODUCTS_DIR; };
/* End PBXFileReference section */

/* Begin PBXFrameworksBuildPhase section */
		5CBAED4C2B6B0A7E006C1A34 /* Frameworks */ = {
			isa = PBXFrameworksBuildPhase;
			buildActionMask = 2147483647;
			files = (
				2966E2F80B728E09BC12E86A /* Pods_MapBlueprint.framework in Frameworks */,
			);
			runOnlyForDeploymentPostprocessing = 0;
		};
/* End PBXFrameworksBuildPhase section */

/* Begin PBXGroup section */
		37847E2B43783BC807B8ADD9 /* Pods */ = {
			isa = PBXGroup;
			children = (
				D45406EAD133B6BCE2C2D1F5 /* Pods-MapBlueprint.debug.xcconfig */,
				2E7B9A0B11C09A11479F6100 /* Pods-MapBlueprint.release.xcconfig */,
			);
			path = Pods;
			sourceTree = "<group>";
		};
		5C23535E2B6EC1AA0086D602 /* OBD2 */ = {
			isa = PBXGroup;
			children = (
				5C23535F2B6EC1BE0086D602 /* OBD2ViewContoller.swift */,
				5C2353612B6EC1C60086D602 /* OBD2EventHandler.swift */,
				5C2353632B6EC1D10086D602 /* OBD2Interactor.swift */,
				5C2353652B6EC1DA0086D602 /* OBD2Router.swift */,
				5C2353672B6EC1E40086D602 /* OBD2DataManager.swift */,
			);
			path = OBD2;
			sourceTree = "<group>";
		};
		5CBAED462B6B0A7E006C1A34 = {
			isa = PBXGroup;
			children = (
				5CBAED512B6B0A7E006C1A34 /* MapBlueprint */,
				5CBAED502B6B0A7E006C1A34 /* Products */,
				37847E2B43783BC807B8ADD9 /* Pods */,
				AAB9A64B9588947C0AAF7AAB /* Frameworks */,
			);
			sourceTree = "<group>";
		};
		5CBAED502B6B0A7E006C1A34 /* Products */ = {
			isa = PBXGroup;
			children = (
				5CBAED4F2B6B0A7E006C1A34 /* MapBlueprint.app */,
			);
			name = Products;
			sourceTree = "<group>";
		};
		5CBAED512B6B0A7E006C1A34 /* MapBlueprint */ = {
			isa = PBXGroup;
			children = (
				5CF230632B6B119B00A9E7C6 /* Modules */,
				5CBAED522B6B0A7E006C1A34 /* AppDelegate.swift */,
				5CBAED542B6B0A7E006C1A34 /* SceneDelegate.swift */,
				5CBAED562B6B0A7E006C1A34 /* ViewController.swift */,
				5CBAED582B6B0A7E006C1A34 /* Main.storyboard */,
				5CBAED5B2B6B0A7F006C1A34 /* Assets.xcassets */,
				5CBAED5D2B6B0A7F006C1A34 /* LaunchScreen.storyboard */,
				5CBAED602B6B0A7F006C1A34 /* Info.plist */,
				5CF230672B6B11E900A9E7C6 /* TableViewCellFactory.swift */,
			);
			path = MapBlueprint;
			sourceTree = "<group>";
		};
		5CF230482B6B0C8800A9E7C6 /* Home */ = {
			isa = PBXGroup;
			children = (
				5CF230492B6B0C9B00A9E7C6 /* HomeViewController.swift */,
				5CF2304B2B6B0CA300A9E7C6 /* HomeEventHandler.swift */,
				5CF2304D2B6B0CA900A9E7C6 /* HomeInteractor.swift */,
				5CF2304F2B6B0CAE00A9E7C6 /* HomeRouter.swift */,
				5CF230512B6B0CB900A9E7C6 /* HomeDataManager.swift */,
			);
			path = Home;
			sourceTree = "<group>";
		};
		5CF230532B6B108800A9E7C6 /* Settings */ = {
			isa = PBXGroup;
			children = (
				5CF230542B6B10AC00A9E7C6 /* SettingsViewController.swift */,
				5CF230562B6B10C500A9E7C6 /* SettingsEventHandler.swift */,
				5CF230582B6B10E300A9E7C6 /* SettingsInteractor.swift */,
				5CF2305A2B6B10FF00A9E7C6 /* SettingsRouter.swift */,
				5CF2305C2B6B111500A9E7C6 /* SettingsDataManager.swift */,
			);
			path = Settings;
			sourceTree = "<group>";
		};
		5CF2305E2B6B115700A9E7C6 /* SettingsModules */ = {
			isa = PBXGroup;
			children = (
				5C23535E2B6EC1AA0086D602 /* OBD2 */,
				5CF2305F2B6B117700A9E7C6 /* TermsViewController.swift */,
				5CF230612B6B118C00A9E7C6 /* AboutViewController.swift */,
			);
			path = SettingsModules;
			sourceTree = "<group>";
		};
		5CF230632B6B119B00A9E7C6 /* Modules */ = {
			isa = PBXGroup;
			children = (
				5CF230642B6B11AA00A9E7C6 /* Models */,
				5CF2305E2B6B115700A9E7C6 /* SettingsModules */,
				5CF230532B6B108800A9E7C6 /* Settings */,
				5CF230482B6B0C8800A9E7C6 /* Home */,
			);
			path = Modules;
			sourceTree = "<group>";
		};
		5CF230642B6B11AA00A9E7C6 /* Models */ = {
			isa = PBXGroup;
			children = (
				5CF230652B6B11BC00A9E7C6 /* TableOption.swift */,
			);
			path = Models;
			sourceTree = "<group>";
		};
		AAB9A64B9588947C0AAF7AAB /* Frameworks */ = {
			isa = PBXGroup;
			children = (
				F8DF4CACE7A3A4D82EE30797 /* Pods_MapBlueprint.framework */,
			);
			name = Frameworks;
			sourceTree = "<group>";
		};
/* End PBXGroup section */

/* Begin PBXNativeTarget section */
		5CBAED4E2B6B0A7E006C1A34 /* MapBlueprint */ = {
			isa = PBXNativeTarget;
			buildConfigurationList = 5CBAED632B6B0A7F006C1A34 /* Build configuration list for PBXNativeTarget "MapBlueprint" */;
			buildPhases = (
				B6534E1C1B340025069D3DDA /* [CP] Check Pods Manifest.lock */,
				5CBAED4B2B6B0A7E006C1A34 /* Sources */,
				5CBAED4C2B6B0A7E006C1A34 /* Frameworks */,
				5CBAED4D2B6B0A7E006C1A34 /* Resources */,
				647B432BFCDC2054587EABD6 /* [CP] Embed Pods Frameworks */,
			);
			buildRules = (
			);
			dependencies = (
			);
			name = MapBlueprint;
			productName = MapBlueprint;
			productReference = 5CBAED4F2B6B0A7E006C1A34 /* MapBlueprint.app */;
			productType = "com.apple.product-type.application";
		};
/* End PBXNativeTarget section */

/* Begin PBXProject section */
		5CBAED472B6B0A7E006C1A34 /* Project object */ = {
			isa = PBXProject;
			attributes = {
				BuildIndependentTargetsInParallel = 1;
				LastSwiftUpdateCheck = 1520;
				LastUpgradeCheck = 1520;
				TargetAttributes = {
					5CBAED4E2B6B0A7E006C1A34 = {
						CreatedOnToolsVersion = 15.2;
					};
				};
			};
			buildConfigurationList = 5CBAED4A2B6B0A7E006C1A34 /* Build configuration list for PBXProject "MapBlueprint" */;
			compatibilityVersion = "Xcode 14.0";
			developmentRegion = en;
			hasScannedForEncodings = 0;
			knownRegions = (
				en,
				Base,
			);
			mainGroup = 5CBAED462B6B0A7E006C1A34;
			packageReferences = (
			);
			productRefGroup = 5CBAED502B6B0A7E006C1A34 /* Products */;
			projectDirPath = "";
			projectRoot = "";
			targets = (
				5CBAED4E2B6B0A7E006C1A34 /* MapBlueprint */,
			);
		};
/* End PBXProject section */

/* Begin PBXResourcesBuildPhase section */
		5CBAED4D2B6B0A7E006C1A34 /* Resources */ = {
			isa = PBXResourcesBuildPhase;
			buildActionMask = 2147483647;
			files = (
				5CBAED5F2B6B0A7F006C1A34 /* LaunchScreen.storyboard in Resources */,
				5CBAED5C2B6B0A7F006C1A34 /* Assets.xcassets in Resources */,
				5CBAED5A2B6B0A7E006C1A34 /* Main.storyboard in Resources */,
			);
			runOnlyForDeploymentPostprocessing = 0;
		};
/* End PBXResourcesBuildPhase section */

/* Begin PBXShellScriptBuildPhase section */
		647B432BFCDC2054587EABD6 /* [CP] Embed Pods Frameworks */ = {
			isa = PBXShellScriptBuildPhase;
			buildActionMask = 2147483647;
			files = (
			);
			inputFileListPaths = (
				"${PODS_ROOT}/Target Support Files/Pods-MapBlueprint/Pods-MapBlueprint-frameworks-${CONFIGURATION}-input-files.xcfilelist",
			);
			name = "[CP] Embed Pods Frameworks";
			outputFileListPaths = (
				"${PODS_ROOT}/Target Support Files/Pods-MapBlueprint/Pods-MapBlueprint-frameworks-${CONFIGURATION}-output-files.xcfilelist",
			);
			runOnlyForDeploymentPostprocessing = 0;
			shellPath = /bin/sh;
			shellScript = "\"${PODS_ROOT}/Target Support Files/Pods-MapBlueprint/Pods-MapBlueprint-frameworks.sh\"\n";
			showEnvVarsInLog = 0;
		};
		B6534E1C1B340025069D3DDA /* [CP] Check Pods Manifest.lock */ = {
			isa = PBXShellScriptBuildPhase;
			buildActionMask = 2147483647;
			files = (
			);
			inputFileListPaths = (
			);
			inputPaths = (
				"${PODS_PODFILE_DIR_PATH}/Podfile.lock",
				"${PODS_ROOT}/Manifest.lock",
			);
			name = "[CP] Check Pods Manifest.lock";
			outputFileListPaths = (
			);
			outputPaths = (
				"$(DERIVED_FILE_DIR)/Pods-MapBlueprint-checkManifestLockResult.txt",
			);
			runOnlyForDeploymentPostprocessing = 0;
			shellPath = /bin/sh;
			shellScript = "diff \"${PODS_PODFILE_DIR_PATH}/Podfile.lock\" \"${PODS_ROOT}/Manifest.lock\" > /dev/null\nif [ $? != 0 ] ; then\n    # print error to STDERR\n    echo \"error: The sandbox is not in sync with the Podfile.lock. Run 'pod install' or update your CocoaPods installation.\" >&2\n    exit 1\nfi\n# This output is used by Xcode 'outputs' to avoid re-running this script phase.\necho \"SUCCESS\" > \"${SCRIPT_OUTPUT_FILE_0}\"\n";
			showEnvVarsInLog = 0;
		};
/* End PBXShellScriptBuildPhase section */

/* Begin PBXSourcesBuildPhase section */
		5CBAED4B2B6B0A7E006C1A34 /* Sources */ = {
			isa = PBXSourcesBuildPhase;
			buildActionMask = 2147483647;
			files = (
				5CBAED572B6B0A7E006C1A34 /* ViewController.swift in Sources */,
				5CF230682B6B11E900A9E7C6 /* TableViewCellFactory.swift in Sources */,
				5CF2304C2B6B0CA300A9E7C6 /* HomeEventHandler.swift in Sources */,
				5C2353622B6EC1C60086D602 /* OBD2EventHandler.swift in Sources */,
				5C2353682B6EC1E40086D602 /* OBD2DataManager.swift in Sources */,
				5CF230572B6B10C500A9E7C6 /* SettingsEventHandler.swift in Sources */,
				5CF230622B6B118C00A9E7C6 /* AboutViewController.swift in Sources */,
				5CF2305D2B6B111500A9E7C6 /* SettingsDataManager.swift in Sources */,
				5CF230502B6B0CAE00A9E7C6 /* HomeRouter.swift in Sources */,
				5CBAED532B6B0A7E006C1A34 /* AppDelegate.swift in Sources */,
				5CF230602B6B117700A9E7C6 /* TermsViewController.swift in Sources */,
				5CF230592B6B10E300A9E7C6 /* SettingsInteractor.swift in Sources */,
				5C2353602B6EC1BE0086D602 /* OBD2ViewContoller.swift in Sources */,
				5C2353662B6EC1DA0086D602 /* OBD2Router.swift in Sources */,
				5CF2304E2B6B0CA900A9E7C6 /* HomeInteractor.swift in Sources */,
				5C2353642B6EC1D10086D602 /* OBD2Interactor.swift in Sources */,
				5CBAED552B6B0A7E006C1A34 /* SceneDelegate.swift in Sources */,
				5CF230522B6B0CB900A9E7C6 /* HomeDataManager.swift in Sources */,
				5CF2305B2B6B10FF00A9E7C6 /* SettingsRouter.swift in Sources */,
				5CF230662B6B11BC00A9E7C6 /* TableOption.swift in Sources */,
				5CF2304A2B6B0C9B00A9E7C6 /* HomeViewController.swift in Sources */,
				5CF230552B6B10AC00A9E7C6 /* SettingsViewController.swift in Sources */,
			);
			runOnlyForDeploymentPostprocessing = 0;
		};
/* End PBXSourcesBuildPhase section */

/* Begin PBXVariantGroup section */
		5CBAED582B6B0A7E006C1A34 /* Main.storyboard */ = {
			isa = PBXVariantGroup;
			children = (
				5CBAED592B6B0A7E006C1A34 /* Base */,
			);
			name = Main.storyboard;
			sourceTree = "<group>";
		};
		5CBAED5D2B6B0A7F006C1A34 /* LaunchScreen.storyboard */ = {
			isa = PBXVariantGroup;
			children = (
				5CBAED5E2B6B0A7F006C1A34 /* Base */,
			);
			name = LaunchScreen.storyboard;
			sourceTree = "<group>";
		};
/* End PBXVariantGroup section */

/* Begin XCBuildConfiguration section */
		5CBAED612B6B0A7F006C1A34 /* Debug */ = {
			isa = XCBuildConfiguration;
			buildSettings = {
				ALWAYS_SEARCH_USER_PATHS = NO;
				ASSETCATALOG_COMPILER_GENERATE_SWIFT_ASSET_SYMBOL_EXTENSIONS = YES;
				CLANG_ANALYZER_NONNULL = YES;
				CLANG_ANALYZER_NUMBER_OBJECT_CONVERSION = YES_AGGRESSIVE;
				CLANG_CXX_LANGUAGE_STANDARD = "gnu++20";
				CLANG_ENABLE_MODULES = YES;
				CLANG_ENABLE_OBJC_ARC = YES;
				CLANG_ENABLE_OBJC_WEAK = YES;
				CLANG_WARN_BLOCK_CAPTURE_AUTORELEASING = YES;
				CLANG_WARN_BOOL_CONVERSION = YES;
				CLANG_WARN_COMMA = YES;
				CLANG_WARN_CONSTANT_CONVERSION = YES;
				CLANG_WARN_DEPRECATED_OBJC_IMPLEMENTATIONS = YES;
				CLANG_WARN_DIRECT_OBJC_ISA_USAGE = YES_ERROR;
				CLANG_WARN_DOCUMENTATION_COMMENTS = YES;
				CLANG_WARN_EMPTY_BODY = YES;
				CLANG_WARN_ENUM_CONVERSION = YES;
				CLANG_WARN_INFINITE_RECURSION = YES;
				CLANG_WARN_INT_CONVERSION = YES;
				CLANG_WARN_NON_LITERAL_NULL_CONVERSION = YES;
				CLANG_WARN_OBJC_IMPLICIT_RETAIN_SELF = YES;
				CLANG_WARN_OBJC_LITERAL_CONVERSION = YES;
				CLANG_WARN_OBJC_ROOT_CLASS = YES_ERROR;
				CLANG_WARN_QUOTED_INCLUDE_IN_FRAMEWORK_HEADER = YES;
				CLANG_WARN_RANGE_LOOP_ANALYSIS = YES;
				CLANG_WARN_STRICT_PROTOTYPES = YES;
				CLANG_WARN_SUSPICIOUS_MOVE = YES;
				CLANG_WARN_UNGUARDED_AVAILABILITY = YES_AGGRESSIVE;
				CLANG_WARN_UNREACHABLE_CODE = YES;
				CLANG_WARN__DUPLICATE_METHOD_MATCH = YES;
				COPY_PHASE_STRIP = NO;
				DEBUG_INFORMATION_FORMAT = dwarf;
				ENABLE_STRICT_OBJC_MSGSEND = YES;
				ENABLE_TESTABILITY = YES;
				ENABLE_USER_SCRIPT_SANDBOXING = NO;
				GCC_C_LANGUAGE_STANDARD = gnu17;
				GCC_DYNAMIC_NO_PIC = NO;
				GCC_NO_COMMON_BLOCKS = YES;
				GCC_OPTIMIZATION_LEVEL = 0;
				GCC_PREPROCESSOR_DEFINITIONS = (
					"DEBUG=1",
					"$(inherited)",
				);
				GCC_WARN_64_TO_32_BIT_CONVERSION = YES;
				GCC_WARN_ABOUT_RETURN_TYPE = YES_ERROR;
				GCC_WARN_UNDECLARED_SELECTOR = YES;
				GCC_WARN_UNINITIALIZED_AUTOS = YES_AGGRESSIVE;
				GCC_WARN_UNUSED_FUNCTION = YES;
				GCC_WARN_UNUSED_VARIABLE = YES;
				IPHONEOS_DEPLOYMENT_TARGET = 17.2;
				LOCALIZATION_PREFERS_STRING_CATALOGS = YES;
				MTL_ENABLE_DEBUG_INFO = INCLUDE_SOURCE;
				MTL_FAST_MATH = YES;
				ONLY_ACTIVE_ARCH = YES;
				SDKROOT = iphoneos;
				SWIFT_ACTIVE_COMPILATION_CONDITIONS = "DEBUG $(inherited)";
				SWIFT_OPTIMIZATION_LEVEL = "-Onone";
			};
			name = Debug;
		};
		5CBAED622B6B0A7F006C1A34 /* Release */ = {
			isa = XCBuildConfiguration;
			buildSettings = {
				ALWAYS_SEARCH_USER_PATHS = NO;
				ASSETCATALOG_COMPILER_GENERATE_SWIFT_ASSET_SYMBOL_EXTENSIONS = YES;
				CLANG_ANALYZER_NONNULL = YES;
				CLANG_ANALYZER_NUMBER_OBJECT_CONVERSION = YES_AGGRESSIVE;
				CLANG_CXX_LANGUAGE_STANDARD = "gnu++20";
				CLANG_ENABLE_MODULES = YES;
				CLANG_ENABLE_OBJC_ARC = YES;
				CLANG_ENABLE_OBJC_WEAK = YES;
				CLANG_WARN_BLOCK_CAPTURE_AUTORELEASING = YES;
				CLANG_WARN_BOOL_CONVERSION = YES;
				CLANG_WARN_COMMA = YES;
				CLANG_WARN_CONSTANT_CONVERSION = YES;
				CLANG_WARN_DEPRECATED_OBJC_IMPLEMENTATIONS = YES;
				CLANG_WARN_DIRECT_OBJC_ISA_USAGE = YES_ERROR;
				CLANG_WARN_DOCUMENTATION_COMMENTS = YES;
				CLANG_WARN_EMPTY_BODY = YES;
				CLANG_WARN_ENUM_CONVERSION = YES;
				CLANG_WARN_INFINITE_RECURSION = YES;
				CLANG_WARN_INT_CONVERSION = YES;
				CLANG_WARN_NON_LITERAL_NULL_CONVERSION = YES;
				CLANG_WARN_OBJC_IMPLICIT_RETAIN_SELF = YES;
				CLANG_WARN_OBJC_LITERAL_CONVERSION = YES;
				CLANG_WARN_OBJC_ROOT_CLASS = YES_ERROR;
				CLANG_WARN_QUOTED_INCLUDE_IN_FRAMEWORK_HEADER = YES;
				CLANG_WARN_RANGE_LOOP_ANALYSIS = YES;
				CLANG_WARN_STRICT_PROTOTYPES = YES;
				CLANG_WARN_SUSPICIOUS_MOVE = YES;
				CLANG_WARN_UNGUARDED_AVAILABILITY = YES_AGGRESSIVE;
				CLANG_WARN_UNREACHABLE_CODE = YES;
				CLANG_WARN__DUPLICATE_METHOD_MATCH = YES;
				COPY_PHASE_STRIP = NO;
				DEBUG_INFORMATION_FORMAT = "dwarf-with-dsym";
				ENABLE_NS_ASSERTIONS = NO;
				ENABLE_STRICT_OBJC_MSGSEND = YES;
				ENABLE_USER_SCRIPT_SANDBOXING = NO;
				GCC_C_LANGUAGE_STANDARD = gnu17;
				GCC_NO_COMMON_BLOCKS = YES;
				GCC_WARN_64_TO_32_BIT_CONVERSION = YES;
				GCC_WARN_ABOUT_RETURN_TYPE = YES_ERROR;
				GCC_WARN_UNDECLARED_SELECTOR = YES;
				GCC_WARN_UNINITIALIZED_AUTOS = YES_AGGRESSIVE;
				GCC_WARN_UNUSED_FUNCTION = YES;
				GCC_WARN_UNUSED_VARIABLE = YES;
				IPHONEOS_DEPLOYMENT_TARGET = 17.2;
				LOCALIZATION_PREFERS_STRING_CATALOGS = YES;
				MTL_ENABLE_DEBUG_INFO = NO;
				MTL_FAST_MATH = YES;
				SDKROOT = iphoneos;
				SWIFT_COMPILATION_MODE = wholemodule;
				VALIDATE_PRODUCT = YES;
			};
			name = Release;
		};
		5CBAED642B6B0A7F006C1A34 /* Debug */ = {
			isa = XCBuildConfiguration;
			baseConfigurationReference = D45406EAD133B6BCE2C2D1F5 /* Pods-MapBlueprint.debug.xcconfig */;
			buildSettings = {
				ASSETCATALOG_COMPILER_APPICON_NAME = AppIcon;
				ASSETCATALOG_COMPILER_GLOBAL_ACCENT_COLOR_NAME = AccentColor;
				CODE_SIGN_IDENTITY = "Apple Development";
				CODE_SIGN_STYLE = Automatic;
				CURRENT_PROJECT_VERSION = 1;
				DEVELOPMENT_TEAM = NP96938VJW;
				ENABLE_USER_SCRIPT_SANDBOXING = NO;
				GENERATE_INFOPLIST_FILE = YES;
				INFOPLIST_FILE = MapBlueprint/Info.plist;
				INFOPLIST_KEY_UIApplicationSupportsIndirectInputEvents = YES;
				INFOPLIST_KEY_UILaunchStoryboardName = LaunchScreen;
				INFOPLIST_KEY_UIMainStoryboardFile = Main;
				INFOPLIST_KEY_UISupportedInterfaceOrientations_iPad = "UIInterfaceOrientationPortrait UIInterfaceOrientationPortraitUpsideDown UIInterfaceOrientationLandscapeLeft UIInterfaceOrientationLandscapeRight";
				INFOPLIST_KEY_UISupportedInterfaceOrientations_iPhone = "UIInterfaceOrientationPortrait UIInterfaceOrientationLandscapeLeft UIInterfaceOrientationLandscapeRight";
				LD_RUNPATH_SEARCH_PATHS = (
					"$(inherited)",
					"@executable_path/Frameworks",
				);
				MARKETING_VERSION = 1.0;
				PRODUCT_BUNDLE_IDENTIFIER = "Alex-S.MapBlueprint";
				PRODUCT_NAME = "$(TARGET_NAME)";
				PROVISIONING_PROFILE_SPECIFIER = "";
				SWIFT_EMIT_LOC_STRINGS = YES;
				SWIFT_VERSION = 5.0;
				TARGETED_DEVICE_FAMILY = "1,2";
			};
			name = Debug;
		};
		5CBAED652B6B0A7F006C1A34 /* Release */ = {
			isa = XCBuildConfiguration;
			baseConfigurationReference = 2E7B9A0B11C09A11479F6100 /* Pods-MapBlueprint.release.xcconfig */;
			buildSettings = {
				ASSETCATALOG_COMPILER_APPICON_NAME = AppIcon;
				ASSETCATALOG_COMPILER_GLOBAL_ACCENT_COLOR_NAME = AccentColor;
				CODE_SIGN_IDENTITY = "Apple Development";
				CODE_SIGN_STYLE = Automatic;
				CURRENT_PROJECT_VERSION = 1;
				DEVELOPMENT_TEAM = NP96938VJW;
				ENABLE_USER_SCRIPT_SANDBOXING = NO;
				GENERATE_INFOPLIST_FILE = YES;
				INFOPLIST_FILE = MapBlueprint/Info.plist;
				INFOPLIST_KEY_UIApplicationSupportsIndirectInputEvents = YES;
				INFOPLIST_KEY_UILaunchStoryboardName = LaunchScreen;
				INFOPLIST_KEY_UIMainStoryboardFile = Main;
				INFOPLIST_KEY_UISupportedInterfaceOrientations_iPad = "UIInterfaceOrientationPortrait UIInterfaceOrientationPortraitUpsideDown UIInterfaceOrientationLandscapeLeft UIInterfaceOrientationLandscapeRight";
				INFOPLIST_KEY_UISupportedInterfaceOrientations_iPhone = "UIInterfaceOrientationPortrait UIInterfaceOrientationLandscapeLeft UIInterfaceOrientationLandscapeRight";
				LD_RUNPATH_SEARCH_PATHS = (
					"$(inherited)",
					"@executable_path/Frameworks",
				);
				MARKETING_VERSION = 1.0;
				PRODUCT_BUNDLE_IDENTIFIER = "Alex-S.MapBlueprint";
				PRODUCT_NAME = "$(TARGET_NAME)";
				PROVISIONING_PROFILE_SPECIFIER = "";
				SWIFT_EMIT_LOC_STRINGS = YES;
				SWIFT_VERSION = 5.0;
				TARGETED_DEVICE_FAMILY = "1,2";
			};
			name = Release;
		};
/* End XCBuildConfiguration section */

/* Begin XCConfigurationList section */
		5CBAED4A2B6B0A7E006C1A34 /* Build configuration list for PBXProject "MapBlueprint" */ = {
			isa = XCConfigurationList;
			buildConfigurations = (
				5CBAED612B6B0A7F006C1A34 /* Debug */,
				5CBAED622B6B0A7F006C1A34 /* Release */,
			);
			defaultConfigurationIsVisible = 0;
			defaultConfigurationName = Release;
		};
		5CBAED632B6B0A7F006C1A34 /* Build configuration list for PBXNativeTarget "MapBlueprint" */ = {
			isa = XCConfigurationList;
			buildConfigurations = (
				5CBAED642B6B0A7F006C1A34 /* Debug */,
				5CBAED652B6B0A7F006C1A34 /* Release */,
			);
			defaultConfigurationIsVisible = 0;
			defaultConfigurationName = Release;
		};
/* End XCConfigurationList section */
	};
	rootObject = 5CBAED472B6B0A7E006C1A34 /* Project object */;
}
