// !$*UTF8*$!
{
	archiveVersion = 1;
	classes = {
	};
	objectVersion = 56;
	objects = {

/* Begin PBXBuildFile section */
		5C2BFD8D2B735ACA00DE3DE9 /* PIDInfo.swift in Sources */ = {isa = PBXBuildFile; fileRef = 5C2BFD8C2B735ACA00DE3DE9 /* PIDInfo.swift */; };
		5C678C372B7A33B500D9A979 /* CarPlaySceneDelegate.swift in Sources */ = {isa = PBXBuildFile; fileRef = 5C678C362B7A33B500D9A979 /* CarPlaySceneDelegate.swift */; };
		5C9EBE6E2B81EAC100F6AABD /* AppConfigurable.swift in Sources */ = {isa = PBXBuildFile; fileRef = 5C9EBE6D2B81EAC100F6AABD /* AppConfigurable.swift */; };
		5C9EBE942B820B1D00F6AABD /* DashboardViewController.swift in Sources */ = {isa = PBXBuildFile; fileRef = 5C9EBE932B820B1D00F6AABD /* DashboardViewController.swift */; };
		5C9EBE962B820B2800F6AABD /* DashboardEventHandler.swift in Sources */ = {isa = PBXBuildFile; fileRef = 5C9EBE952B820B2800F6AABD /* DashboardEventHandler.swift */; };
		5C9EBE982B820B2F00F6AABD /* DashboardInteractor.swift in Sources */ = {isa = PBXBuildFile; fileRef = 5C9EBE972B820B2F00F6AABD /* DashboardInteractor.swift */; };
		5C9EBE9A2B820B3700F6AABD /* DashboardDataManager.swift in Sources */ = {isa = PBXBuildFile; fileRef = 5C9EBE992B820B3700F6AABD /* DashboardDataManager.swift */; };
		5C9EBE9C2B820B4000F6AABD /* DashboardRouter.swift in Sources */ = {isa = PBXBuildFile; fileRef = 5C9EBE9B2B820B4000F6AABD /* DashboardRouter.swift */; };
		5CB3A85C2B7CBE10002A9C49 /* WidgetKit.framework in Frameworks */ = {isa = PBXBuildFile; fileRef = 5CE57A7F2B7B5D0D005F3444 /* WidgetKit.framework */; };
		5CB3A85D2B7CBE10002A9C49 /* SwiftUI.framework in Frameworks */ = {isa = PBXBuildFile; fileRef = 5CE57A812B7B5D0D005F3444 /* SwiftUI.framework */; };
		5CB3A8602B7CBE10002A9C49 /* CoffeeComplication.swift in Sources */ = {isa = PBXBuildFile; fileRef = 5CB3A85F2B7CBE10002A9C49 /* CoffeeComplication.swift */; };
		5CB3A8622B7CBE10002A9C49 /* AppIntent.swift in Sources */ = {isa = PBXBuildFile; fileRef = 5CB3A8612B7CBE10002A9C49 /* AppIntent.swift */; };
		5CB3A8642B7CBE11002A9C49 /* Assets.xcassets in Resources */ = {isa = PBXBuildFile; fileRef = 5CB3A8632B7CBE11002A9C49 /* Assets.xcassets */; };
		5CB3A8682B7CBE11002A9C49 /* CoffeeComplicationExtension.appex in Embed Foundation Extensions */ = {isa = PBXBuildFile; fileRef = 5CB3A85B2B7CBE10002A9C49 /* CoffeeComplicationExtension.appex */; settings = {ATTRIBUTES = (RemoveHeadersOnCopy, ); }; };
		5CB51AA22B7408BE004B952A /* OBDData.swift in Sources */ = {isa = PBXBuildFile; fileRef = 5CB51AA12B7408BE004B952A /* OBDData.swift */; };
		5CB51AA42B740C20004B952A /* OBDPID.swift in Sources */ = {isa = PBXBuildFile; fileRef = 5CB51AA32B740C20004B952A /* OBDPID.swift */; };
		5CBAED532B6B0A7E006C1A34 /* AppDelegate.swift in Sources */ = {isa = PBXBuildFile; fileRef = 5CBAED522B6B0A7E006C1A34 /* AppDelegate.swift */; };
		5CBAED552B6B0A7E006C1A34 /* SceneDelegate.swift in Sources */ = {isa = PBXBuildFile; fileRef = 5CBAED542B6B0A7E006C1A34 /* SceneDelegate.swift */; };
		5CBAED572B6B0A7E006C1A34 /* ViewController.swift in Sources */ = {isa = PBXBuildFile; fileRef = 5CBAED562B6B0A7E006C1A34 /* ViewController.swift */; };
		5CBAED5A2B6B0A7E006C1A34 /* Main.storyboard in Resources */ = {isa = PBXBuildFile; fileRef = 5CBAED582B6B0A7E006C1A34 /* Main.storyboard */; };
		5CBAED5C2B6B0A7F006C1A34 /* Assets.xcassets in Resources */ = {isa = PBXBuildFile; fileRef = 5CBAED5B2B6B0A7F006C1A34 /* Assets.xcassets */; };
		5CBAED5F2B6B0A7F006C1A34 /* LaunchScreen.storyboard in Resources */ = {isa = PBXBuildFile; fileRef = 5CBAED5D2B6B0A7F006C1A34 /* LaunchScreen.storyboard */; };
		5CBD61622B7B447B009B00B5 /* MapBlueprintCompanionApp.swift in Sources */ = {isa = PBXBuildFile; fileRef = 5CBD61612B7B447B009B00B5 /* MapBlueprintCompanionApp.swift */; };
		5CBD61642B7B447B009B00B5 /* ContentView.swift in Sources */ = {isa = PBXBuildFile; fileRef = 5CBD61632B7B447B009B00B5 /* ContentView.swift */; };
		5CBD61662B7B447C009B00B5 /* Assets.xcassets in Resources */ = {isa = PBXBuildFile; fileRef = 5CBD61652B7B447C009B00B5 /* Assets.xcassets */; };
		5CBD61692B7B447C009B00B5 /* Preview Assets.xcassets in Resources */ = {isa = PBXBuildFile; fileRef = 5CBD61682B7B447C009B00B5 /* Preview Assets.xcassets */; };
		5CBD61732B7B447C009B00B5 /* MapBlueprintCompanion_Watch_AppTests.swift in Sources */ = {isa = PBXBuildFile; fileRef = 5CBD61722B7B447C009B00B5 /* MapBlueprintCompanion_Watch_AppTests.swift */; };
		5CBD617D2B7B447C009B00B5 /* MapBlueprintCompanion_Watch_AppUITests.swift in Sources */ = {isa = PBXBuildFile; fileRef = 5CBD617C2B7B447C009B00B5 /* MapBlueprintCompanion_Watch_AppUITests.swift */; };
		5CBD617F2B7B447C009B00B5 /* MapBlueprintCompanion_Watch_AppUITestsLaunchTests.swift in Sources */ = {isa = PBXBuildFile; fileRef = 5CBD617E2B7B447C009B00B5 /* MapBlueprintCompanion_Watch_AppUITestsLaunchTests.swift */; };
		5CBD61822B7B447C009B00B5 /* MapBlueprintCompanion Watch App.app in Embed Watch Content */ = {isa = PBXBuildFile; fileRef = 5CBD615F2B7B447B009B00B5 /* MapBlueprintCompanion Watch App.app */; settings = {ATTRIBUTES = (RemoveHeadersOnCopy, ); }; };
		5CE4C6292B741AA3003314E7 /* OBD2MetaData.swift in Sources */ = {isa = PBXBuildFile; fileRef = 5CE4C6282B741AA3003314E7 /* OBD2MetaData.swift */; };
		5CE57A802B7B5D0D005F3444 /* WidgetKit.framework in Frameworks */ = {isa = PBXBuildFile; fileRef = 5CE57A7F2B7B5D0D005F3444 /* WidgetKit.framework */; };
		5CE57A822B7B5D0D005F3444 /* SwiftUI.framework in Frameworks */ = {isa = PBXBuildFile; fileRef = 5CE57A812B7B5D0D005F3444 /* SwiftUI.framework */; };
		5CE57A852B7B5D0D005F3444 /* FuelComplication.swift in Sources */ = {isa = PBXBuildFile; fileRef = 5CE57A842B7B5D0D005F3444 /* FuelComplication.swift */; };
		5CE57A872B7B5D0D005F3444 /* AppIntent.swift in Sources */ = {isa = PBXBuildFile; fileRef = 5CE57A862B7B5D0D005F3444 /* AppIntent.swift */; };
		5CE57A892B7B5D14005F3444 /* Assets.xcassets in Resources */ = {isa = PBXBuildFile; fileRef = 5CE57A882B7B5D14005F3444 /* Assets.xcassets */; };
		5CE57A8D2B7B5D14005F3444 /* FuelComplicationExtension.appex in Embed Foundation Extensions */ = {isa = PBXBuildFile; fileRef = 5CE57A7E2B7B5D0D005F3444 /* FuelComplicationExtension.appex */; settings = {ATTRIBUTES = (RemoveHeadersOnCopy, ); }; };
		5CE57A942B7B750B005F3444 /* OBDDataModel.swift in Sources */ = {isa = PBXBuildFile; fileRef = 5CE57A932B7B750B005F3444 /* OBDDataModel.swift */; };
		5CE57A962B7B7840005F3444 /* OBDDataFactory.swift in Sources */ = {isa = PBXBuildFile; fileRef = 5CE57A952B7B7840005F3444 /* OBDDataFactory.swift */; };
		5CE57A992B7B798A005F3444 /* OBD2AdapterFactory.swift in Sources */ = {isa = PBXBuildFile; fileRef = 5CE57A982B7B798A005F3444 /* OBD2AdapterFactory.swift */; };
		5CE57A9B2B7C8B64005F3444 /* SettingsMetaData.swift in Sources */ = {isa = PBXBuildFile; fileRef = 5CE57A9A2B7C8B64005F3444 /* SettingsMetaData.swift */; };
		5CE9C3592B7F0F6F00E865DA /* WidgetKit.framework in Frameworks */ = {isa = PBXBuildFile; fileRef = 5CE57A7F2B7B5D0D005F3444 /* WidgetKit.framework */; };
		5CE9C35A2B7F0F6F00E865DA /* SwiftUI.framework in Frameworks */ = {isa = PBXBuildFile; fileRef = 5CE57A812B7B5D0D005F3444 /* SwiftUI.framework */; };
		5CE9C35D2B7F0F6F00E865DA /* CoolantComplication.swift in Sources */ = {isa = PBXBuildFile; fileRef = 5CE9C35C2B7F0F6F00E865DA /* CoolantComplication.swift */; };
		5CE9C35F2B7F0F6F00E865DA /* AppIntent.swift in Sources */ = {isa = PBXBuildFile; fileRef = 5CE9C35E2B7F0F6F00E865DA /* AppIntent.swift */; };
		5CE9C3612B7F0F7000E865DA /* Assets.xcassets in Resources */ = {isa = PBXBuildFile; fileRef = 5CE9C3602B7F0F7000E865DA /* Assets.xcassets */; };
		5CE9C3652B7F0F7000E865DA /* CoolantComplicationExtension.appex in Embed Foundation Extensions */ = {isa = PBXBuildFile; fileRef = 5CE9C3582B7F0F6F00E865DA /* CoolantComplicationExtension.appex */; settings = {ATTRIBUTES = (RemoveHeadersOnCopy, ); }; };
		5CE9C36E2B7F0F8300E865DA /* WidgetKit.framework in Frameworks */ = {isa = PBXBuildFile; fileRef = 5CE57A7F2B7B5D0D005F3444 /* WidgetKit.framework */; };
		5CE9C36F2B7F0F8300E865DA /* SwiftUI.framework in Frameworks */ = {isa = PBXBuildFile; fileRef = 5CE57A812B7B5D0D005F3444 /* SwiftUI.framework */; };
		5CE9C3722B7F0F8300E865DA /* OilTemperatureComplication.swift in Sources */ = {isa = PBXBuildFile; fileRef = 5CE9C3712B7F0F8300E865DA /* OilTemperatureComplication.swift */; };
		5CE9C3742B7F0F8300E865DA /* AppIntent.swift in Sources */ = {isa = PBXBuildFile; fileRef = 5CE9C3732B7F0F8300E865DA /* AppIntent.swift */; };
		5CE9C3762B7F0F8300E865DA /* Assets.xcassets in Resources */ = {isa = PBXBuildFile; fileRef = 5CE9C3752B7F0F8300E865DA /* Assets.xcassets */; };
		5CE9C37A2B7F0F8300E865DA /* OilTemperatureComplicationExtension.appex in Embed Foundation Extensions */ = {isa = PBXBuildFile; fileRef = 5CE9C36D2B7F0F8300E865DA /* OilTemperatureComplicationExtension.appex */; settings = {ATTRIBUTES = (RemoveHeadersOnCopy, ); }; };
		5CEF42902B719C97007C0951 /* OBD2DataManager.swift in Sources */ = {isa = PBXBuildFile; fileRef = 5CEF428F2B719C97007C0951 /* OBD2DataManager.swift */; };
		5CEF42922B719CA1007C0951 /* OBD2EventHandler.swift in Sources */ = {isa = PBXBuildFile; fileRef = 5CEF42912B719CA1007C0951 /* OBD2EventHandler.swift */; };
		5CEF42942B719CA9007C0951 /* OBD2ViewController.swift in Sources */ = {isa = PBXBuildFile; fileRef = 5CEF42932B719CA9007C0951 /* OBD2ViewController.swift */; };
		5CEF42962B719CB5007C0951 /* OBD2Interactor.swift in Sources */ = {isa = PBXBuildFile; fileRef = 5CEF42952B719CB5007C0951 /* OBD2Interactor.swift */; };
		5CEF42982B719CBC007C0951 /* OBD2Router.swift in Sources */ = {isa = PBXBuildFile; fileRef = 5CEF42972B719CBC007C0951 /* OBD2Router.swift */; };
		5CF2304A2B6B0C9B00A9E7C6 /* HomeViewController.swift in Sources */ = {isa = PBXBuildFile; fileRef = 5CF230492B6B0C9B00A9E7C6 /* HomeViewController.swift */; };
		5CF2304C2B6B0CA300A9E7C6 /* HomeEventHandler.swift in Sources */ = {isa = PBXBuildFile; fileRef = 5CF2304B2B6B0CA300A9E7C6 /* HomeEventHandler.swift */; };
		5CF2304E2B6B0CA900A9E7C6 /* HomeInteractor.swift in Sources */ = {isa = PBXBuildFile; fileRef = 5CF2304D2B6B0CA900A9E7C6 /* HomeInteractor.swift */; };
		5CF230502B6B0CAE00A9E7C6 /* HomeRouter.swift in Sources */ = {isa = PBXBuildFile; fileRef = 5CF2304F2B6B0CAE00A9E7C6 /* HomeRouter.swift */; };
		5CF230522B6B0CB900A9E7C6 /* HomeDataManager.swift in Sources */ = {isa = PBXBuildFile; fileRef = 5CF230512B6B0CB900A9E7C6 /* HomeDataManager.swift */; };
		5CF230552B6B10AC00A9E7C6 /* SettingsViewController.swift in Sources */ = {isa = PBXBuildFile; fileRef = 5CF230542B6B10AC00A9E7C6 /* SettingsViewController.swift */; };
		5CF230572B6B10C500A9E7C6 /* SettingsEventHandler.swift in Sources */ = {isa = PBXBuildFile; fileRef = 5CF230562B6B10C500A9E7C6 /* SettingsEventHandler.swift */; };
		5CF230592B6B10E300A9E7C6 /* SettingsInteractor.swift in Sources */ = {isa = PBXBuildFile; fileRef = 5CF230582B6B10E300A9E7C6 /* SettingsInteractor.swift */; };
		5CF2305B2B6B10FF00A9E7C6 /* SettingsRouter.swift in Sources */ = {isa = PBXBuildFile; fileRef = 5CF2305A2B6B10FF00A9E7C6 /* SettingsRouter.swift */; };
		5CF2305D2B6B111500A9E7C6 /* SettingsDataManager.swift in Sources */ = {isa = PBXBuildFile; fileRef = 5CF2305C2B6B111500A9E7C6 /* SettingsDataManager.swift */; };
		5CF230602B6B117700A9E7C6 /* TermsViewController.swift in Sources */ = {isa = PBXBuildFile; fileRef = 5CF2305F2B6B117700A9E7C6 /* TermsViewController.swift */; };
		5CF230622B6B118C00A9E7C6 /* AboutViewController.swift in Sources */ = {isa = PBXBuildFile; fileRef = 5CF230612B6B118C00A9E7C6 /* AboutViewController.swift */; };
		5CF230662B6B11BC00A9E7C6 /* TableOption.swift in Sources */ = {isa = PBXBuildFile; fileRef = 5CF230652B6B11BC00A9E7C6 /* TableOption.swift */; };
		5CF230682B6B11E900A9E7C6 /* TableViewCellFactory.swift in Sources */ = {isa = PBXBuildFile; fileRef = 5CF230672B6B11E900A9E7C6 /* TableViewCellFactory.swift */; };
		DE4638EA42655A44BA51C6ED /* Pods_MapBlueprint.framework in Frameworks */ = {isa = PBXBuildFile; fileRef = 187B80FF985F8F9A3F3335A0 /* Pods_MapBlueprint.framework */; };
/* End PBXBuildFile section */

/* Begin PBXContainerItemProxy section */
		5CB3A8662B7CBE11002A9C49 /* PBXContainerItemProxy */ = {
			isa = PBXContainerItemProxy;
			containerPortal = 5CBAED472B6B0A7E006C1A34 /* Project object */;
			proxyType = 1;
			remoteGlobalIDString = 5CB3A85A2B7CBE10002A9C49;
			remoteInfo = CoffeeComplicationExtension;
		};
		5CBD616F2B7B447C009B00B5 /* PBXContainerItemProxy */ = {
			isa = PBXContainerItemProxy;
			containerPortal = 5CBAED472B6B0A7E006C1A34 /* Project object */;
			proxyType = 1;
			remoteGlobalIDString = 5CBD615E2B7B447B009B00B5;
			remoteInfo = "MapBlueprintCompanion Watch App";
		};
		5CBD61792B7B447C009B00B5 /* PBXContainerItemProxy */ = {
			isa = PBXContainerItemProxy;
			containerPortal = 5CBAED472B6B0A7E006C1A34 /* Project object */;
			proxyType = 1;
			remoteGlobalIDString = 5CBD615E2B7B447B009B00B5;
			remoteInfo = "MapBlueprintCompanion Watch App";
		};
		5CBD61802B7B447C009B00B5 /* PBXContainerItemProxy */ = {
			isa = PBXContainerItemProxy;
			containerPortal = 5CBAED472B6B0A7E006C1A34 /* Project object */;
			proxyType = 1;
			remoteGlobalIDString = 5CBD615E2B7B447B009B00B5;
			remoteInfo = "MapBlueprintCompanion Watch App";
		};
		5CE57A8B2B7B5D14005F3444 /* PBXContainerItemProxy */ = {
			isa = PBXContainerItemProxy;
			containerPortal = 5CBAED472B6B0A7E006C1A34 /* Project object */;
			proxyType = 1;
			remoteGlobalIDString = 5CE57A7D2B7B5D0D005F3444;
			remoteInfo = FuelComplicationExtension;
		};
		5CE9C3632B7F0F7000E865DA /* PBXContainerItemProxy */ = {
			isa = PBXContainerItemProxy;
			containerPortal = 5CBAED472B6B0A7E006C1A34 /* Project object */;
			proxyType = 1;
			remoteGlobalIDString = 5CE9C3572B7F0F6F00E865DA;
			remoteInfo = CoolantComplicationExtension;
		};
		5CE9C3782B7F0F8300E865DA /* PBXContainerItemProxy */ = {
			isa = PBXContainerItemProxy;
			containerPortal = 5CBAED472B6B0A7E006C1A34 /* Project object */;
			proxyType = 1;
			remoteGlobalIDString = 5CE9C36C2B7F0F8300E865DA;
			remoteInfo = OilTemperatureComplicationExtension;
		};
/* End PBXContainerItemProxy section */

/* Begin PBXCopyFilesBuildPhase section */
		5CBD61832B7B447C009B00B5 /* Embed Watch Content */ = {
			isa = PBXCopyFilesBuildPhase;
			buildActionMask = 2147483647;
			dstPath = "$(CONTENTS_FOLDER_PATH)/Watch";
			dstSubfolderSpec = 16;
			files = (
				5CBD61822B7B447C009B00B5 /* MapBlueprintCompanion Watch App.app in Embed Watch Content */,
			);
			name = "Embed Watch Content";
			runOnlyForDeploymentPostprocessing = 0;
		};
		5CE57A8E2B7B5D14005F3444 /* Embed Foundation Extensions */ = {
			isa = PBXCopyFilesBuildPhase;
			buildActionMask = 2147483647;
			dstPath = "";
			dstSubfolderSpec = 13;
			files = (
				5CB3A8682B7CBE11002A9C49 /* CoffeeComplicationExtension.appex in Embed Foundation Extensions */,
				5CE9C3652B7F0F7000E865DA /* CoolantComplicationExtension.appex in Embed Foundation Extensions */,
				5CE9C37A2B7F0F8300E865DA /* OilTemperatureComplicationExtension.appex in Embed Foundation Extensions */,
				5CE57A8D2B7B5D14005F3444 /* FuelComplicationExtension.appex in Embed Foundation Extensions */,
			);
			name = "Embed Foundation Extensions";
			runOnlyForDeploymentPostprocessing = 0;
		};
/* End PBXCopyFilesBuildPhase section */

/* Begin PBXFileReference section */
		187B80FF985F8F9A3F3335A0 /* Pods_MapBlueprint.framework */ = {isa = PBXFileReference; explicitFileType = wrapper.framework; includeInIndex = 0; path = Pods_MapBlueprint.framework; sourceTree = BUILT_PRODUCTS_DIR; };
		502E91AD998CC0A44D3088C0 /* Pods-MapBlueprint.release.xcconfig */ = {isa = PBXFileReference; includeInIndex = 1; lastKnownFileType = text.xcconfig; name = "Pods-MapBlueprint.release.xcconfig"; path = "Target Support Files/Pods-MapBlueprint/Pods-MapBlueprint.release.xcconfig"; sourceTree = "<group>"; };
		5C2BFD8C2B735ACA00DE3DE9 /* PIDInfo.swift */ = {isa = PBXFileReference; lastKnownFileType = sourcecode.swift; path = PIDInfo.swift; sourceTree = "<group>"; };
		5C678C362B7A33B500D9A979 /* CarPlaySceneDelegate.swift */ = {isa = PBXFileReference; lastKnownFileType = sourcecode.swift; path = CarPlaySceneDelegate.swift; sourceTree = "<group>"; };
		5C7990FD2B81C1FC000528D8 /* MapBlueprintCompanion-Watch-App-Info.plist */ = {isa = PBXFileReference; lastKnownFileType = text.plist; path = "MapBlueprintCompanion-Watch-App-Info.plist"; sourceTree = SOURCE_ROOT; };
		5C9EBE6D2B81EAC100F6AABD /* AppConfigurable.swift */ = {isa = PBXFileReference; lastKnownFileType = sourcecode.swift; path = AppConfigurable.swift; sourceTree = "<group>"; };
		5C9EBE932B820B1D00F6AABD /* DashboardViewController.swift */ = {isa = PBXFileReference; lastKnownFileType = sourcecode.swift; path = DashboardViewController.swift; sourceTree = "<group>"; };
		5C9EBE952B820B2800F6AABD /* DashboardEventHandler.swift */ = {isa = PBXFileReference; lastKnownFileType = sourcecode.swift; path = DashboardEventHandler.swift; sourceTree = "<group>"; };
		5C9EBE972B820B2F00F6AABD /* DashboardInteractor.swift */ = {isa = PBXFileReference; lastKnownFileType = sourcecode.swift; path = DashboardInteractor.swift; sourceTree = "<group>"; };
		5C9EBE992B820B3700F6AABD /* DashboardDataManager.swift */ = {isa = PBXFileReference; lastKnownFileType = sourcecode.swift; path = DashboardDataManager.swift; sourceTree = "<group>"; };
		5C9EBE9B2B820B4000F6AABD /* DashboardRouter.swift */ = {isa = PBXFileReference; lastKnownFileType = sourcecode.swift; path = DashboardRouter.swift; sourceTree = "<group>"; };
		5CB3A8542B7CB538002A9C49 /* MapBlueprint.entitlements */ = {isa = PBXFileReference; lastKnownFileType = text.plist.entitlements; path = MapBlueprint.entitlements; sourceTree = "<group>"; };
		5CB3A8552B7CB554002A9C49 /* MapBlueprintCompanion Watch App.entitlements */ = {isa = PBXFileReference; lastKnownFileType = text.plist.entitlements; path = "MapBlueprintCompanion Watch App.entitlements"; sourceTree = "<group>"; };
		5CB3A8562B7CB55F002A9C49 /* FuelComplicationExtension.entitlements */ = {isa = PBXFileReference; lastKnownFileType = text.plist.entitlements; path = FuelComplicationExtension.entitlements; sourceTree = "<group>"; };
		5CB3A85B2B7CBE10002A9C49 /* CoffeeComplicationExtension.appex */ = {isa = PBXFileReference; explicitFileType = "wrapper.app-extension"; includeInIndex = 0; path = CoffeeComplicationExtension.appex; sourceTree = BUILT_PRODUCTS_DIR; };
		5CB3A85F2B7CBE10002A9C49 /* CoffeeComplication.swift */ = {isa = PBXFileReference; lastKnownFileType = sourcecode.swift; path = CoffeeComplication.swift; sourceTree = "<group>"; };
		5CB3A8612B7CBE10002A9C49 /* AppIntent.swift */ = {isa = PBXFileReference; lastKnownFileType = sourcecode.swift; path = AppIntent.swift; sourceTree = "<group>"; };
		5CB3A8632B7CBE11002A9C49 /* Assets.xcassets */ = {isa = PBXFileReference; lastKnownFileType = folder.assetcatalog; path = Assets.xcassets; sourceTree = "<group>"; };
		5CB3A8652B7CBE11002A9C49 /* Info.plist */ = {isa = PBXFileReference; lastKnownFileType = text.plist.xml; path = Info.plist; sourceTree = "<group>"; };
		5CB51AA12B7408BE004B952A /* OBDData.swift */ = {isa = PBXFileReference; lastKnownFileType = sourcecode.swift; path = OBDData.swift; sourceTree = "<group>"; };
		5CB51AA32B740C20004B952A /* OBDPID.swift */ = {isa = PBXFileReference; lastKnownFileType = sourcecode.swift; path = OBDPID.swift; sourceTree = "<group>"; };
		5CBAED4F2B6B0A7E006C1A34 /* MapBlueprint.app */ = {isa = PBXFileReference; explicitFileType = wrapper.application; includeInIndex = 0; path = MapBlueprint.app; sourceTree = BUILT_PRODUCTS_DIR; };
		5CBAED522B6B0A7E006C1A34 /* AppDelegate.swift */ = {isa = PBXFileReference; lastKnownFileType = sourcecode.swift; path = AppDelegate.swift; sourceTree = "<group>"; };
		5CBAED542B6B0A7E006C1A34 /* SceneDelegate.swift */ = {isa = PBXFileReference; lastKnownFileType = sourcecode.swift; path = SceneDelegate.swift; sourceTree = "<group>"; };
		5CBAED562B6B0A7E006C1A34 /* ViewController.swift */ = {isa = PBXFileReference; lastKnownFileType = sourcecode.swift; path = ViewController.swift; sourceTree = "<group>"; };
		5CBAED592B6B0A7E006C1A34 /* Base */ = {isa = PBXFileReference; lastKnownFileType = file.storyboard; name = Base; path = Base.lproj/Main.storyboard; sourceTree = "<group>"; };
		5CBAED5B2B6B0A7F006C1A34 /* Assets.xcassets */ = {isa = PBXFileReference; lastKnownFileType = folder.assetcatalog; path = Assets.xcassets; sourceTree = "<group>"; };
		5CBAED5E2B6B0A7F006C1A34 /* Base */ = {isa = PBXFileReference; lastKnownFileType = file.storyboard; name = Base; path = Base.lproj/LaunchScreen.storyboard; sourceTree = "<group>"; };
		5CBAED602B6B0A7F006C1A34 /* Info.plist */ = {isa = PBXFileReference; lastKnownFileType = text.plist.xml; path = Info.plist; sourceTree = "<group>"; };
		5CBD615F2B7B447B009B00B5 /* MapBlueprintCompanion Watch App.app */ = {isa = PBXFileReference; explicitFileType = wrapper.application; includeInIndex = 0; path = "MapBlueprintCompanion Watch App.app"; sourceTree = BUILT_PRODUCTS_DIR; };
		5CBD61612B7B447B009B00B5 /* MapBlueprintCompanionApp.swift */ = {isa = PBXFileReference; lastKnownFileType = sourcecode.swift; path = MapBlueprintCompanionApp.swift; sourceTree = "<group>"; };
		5CBD61632B7B447B009B00B5 /* ContentView.swift */ = {isa = PBXFileReference; lastKnownFileType = sourcecode.swift; path = ContentView.swift; sourceTree = "<group>"; };
		5CBD61652B7B447C009B00B5 /* Assets.xcassets */ = {isa = PBXFileReference; lastKnownFileType = folder.assetcatalog; path = Assets.xcassets; sourceTree = "<group>"; };
		5CBD61682B7B447C009B00B5 /* Preview Assets.xcassets */ = {isa = PBXFileReference; lastKnownFileType = folder.assetcatalog; path = "Preview Assets.xcassets"; sourceTree = "<group>"; };
		5CBD616E2B7B447C009B00B5 /* MapBlueprintCompanion Watch AppTests.xctest */ = {isa = PBXFileReference; explicitFileType = wrapper.cfbundle; includeInIndex = 0; path = "MapBlueprintCompanion Watch AppTests.xctest"; sourceTree = BUILT_PRODUCTS_DIR; };
		5CBD61722B7B447C009B00B5 /* MapBlueprintCompanion_Watch_AppTests.swift */ = {isa = PBXFileReference; lastKnownFileType = sourcecode.swift; path = MapBlueprintCompanion_Watch_AppTests.swift; sourceTree = "<group>"; };
		5CBD61782B7B447C009B00B5 /* MapBlueprintCompanion Watch AppUITests.xctest */ = {isa = PBXFileReference; explicitFileType = wrapper.cfbundle; includeInIndex = 0; path = "MapBlueprintCompanion Watch AppUITests.xctest"; sourceTree = BUILT_PRODUCTS_DIR; };
		5CBD617C2B7B447C009B00B5 /* MapBlueprintCompanion_Watch_AppUITests.swift */ = {isa = PBXFileReference; lastKnownFileType = sourcecode.swift; path = MapBlueprintCompanion_Watch_AppUITests.swift; sourceTree = "<group>"; };
		5CBD617E2B7B447C009B00B5 /* MapBlueprintCompanion_Watch_AppUITestsLaunchTests.swift */ = {isa = PBXFileReference; lastKnownFileType = sourcecode.swift; path = MapBlueprintCompanion_Watch_AppUITestsLaunchTests.swift; sourceTree = "<group>"; };
		5CE4C6282B741AA3003314E7 /* OBD2MetaData.swift */ = {isa = PBXFileReference; lastKnownFileType = sourcecode.swift; path = OBD2MetaData.swift; sourceTree = "<group>"; };
		5CE57A7E2B7B5D0D005F3444 /* FuelComplicationExtension.appex */ = {isa = PBXFileReference; explicitFileType = "wrapper.app-extension"; includeInIndex = 0; path = FuelComplicationExtension.appex; sourceTree = BUILT_PRODUCTS_DIR; };
		5CE57A7F2B7B5D0D005F3444 /* WidgetKit.framework */ = {isa = PBXFileReference; lastKnownFileType = wrapper.framework; name = WidgetKit.framework; path = System/Library/Frameworks/WidgetKit.framework; sourceTree = SDKROOT; };
		5CE57A812B7B5D0D005F3444 /* SwiftUI.framework */ = {isa = PBXFileReference; lastKnownFileType = wrapper.framework; name = SwiftUI.framework; path = System/Library/Frameworks/SwiftUI.framework; sourceTree = SDKROOT; };
		5CE57A842B7B5D0D005F3444 /* FuelComplication.swift */ = {isa = PBXFileReference; lastKnownFileType = sourcecode.swift; path = FuelComplication.swift; sourceTree = "<group>"; };
		5CE57A862B7B5D0D005F3444 /* AppIntent.swift */ = {isa = PBXFileReference; lastKnownFileType = sourcecode.swift; path = AppIntent.swift; sourceTree = "<group>"; };
		5CE57A882B7B5D14005F3444 /* Assets.xcassets */ = {isa = PBXFileReference; lastKnownFileType = folder.assetcatalog; path = Assets.xcassets; sourceTree = "<group>"; };
		5CE57A8A2B7B5D14005F3444 /* Info.plist */ = {isa = PBXFileReference; lastKnownFileType = text.plist.xml; path = Info.plist; sourceTree = "<group>"; };
		5CE57A932B7B750B005F3444 /* OBDDataModel.swift */ = {isa = PBXFileReference; lastKnownFileType = sourcecode.swift; path = OBDDataModel.swift; sourceTree = "<group>"; };
		5CE57A952B7B7840005F3444 /* OBDDataFactory.swift */ = {isa = PBXFileReference; lastKnownFileType = sourcecode.swift; path = OBDDataFactory.swift; sourceTree = "<group>"; };
		5CE57A982B7B798A005F3444 /* OBD2AdapterFactory.swift */ = {isa = PBXFileReference; lastKnownFileType = sourcecode.swift; path = OBD2AdapterFactory.swift; sourceTree = "<group>"; };
		5CE57A9A2B7C8B64005F3444 /* SettingsMetaData.swift */ = {isa = PBXFileReference; lastKnownFileType = sourcecode.swift; path = SettingsMetaData.swift; sourceTree = "<group>"; };
		5CE9C3582B7F0F6F00E865DA /* CoolantComplicationExtension.appex */ = {isa = PBXFileReference; explicitFileType = "wrapper.app-extension"; includeInIndex = 0; path = CoolantComplicationExtension.appex; sourceTree = BUILT_PRODUCTS_DIR; };
		5CE9C35C2B7F0F6F00E865DA /* CoolantComplication.swift */ = {isa = PBXFileReference; lastKnownFileType = sourcecode.swift; path = CoolantComplication.swift; sourceTree = "<group>"; };
		5CE9C35E2B7F0F6F00E865DA /* AppIntent.swift */ = {isa = PBXFileReference; lastKnownFileType = sourcecode.swift; path = AppIntent.swift; sourceTree = "<group>"; };
		5CE9C3602B7F0F7000E865DA /* Assets.xcassets */ = {isa = PBXFileReference; lastKnownFileType = folder.assetcatalog; path = Assets.xcassets; sourceTree = "<group>"; };
		5CE9C3622B7F0F7000E865DA /* Info.plist */ = {isa = PBXFileReference; lastKnownFileType = text.plist.xml; path = Info.plist; sourceTree = "<group>"; };
		5CE9C36D2B7F0F8300E865DA /* OilTemperatureComplicationExtension.appex */ = {isa = PBXFileReference; explicitFileType = "wrapper.app-extension"; includeInIndex = 0; path = OilTemperatureComplicationExtension.appex; sourceTree = BUILT_PRODUCTS_DIR; };
		5CE9C3712B7F0F8300E865DA /* OilTemperatureComplication.swift */ = {isa = PBXFileReference; lastKnownFileType = sourcecode.swift; path = OilTemperatureComplication.swift; sourceTree = "<group>"; };
		5CE9C3732B7F0F8300E865DA /* AppIntent.swift */ = {isa = PBXFileReference; lastKnownFileType = sourcecode.swift; path = AppIntent.swift; sourceTree = "<group>"; };
		5CE9C3752B7F0F8300E865DA /* Assets.xcassets */ = {isa = PBXFileReference; lastKnownFileType = folder.assetcatalog; path = Assets.xcassets; sourceTree = "<group>"; };
		5CE9C3772B7F0F8300E865DA /* Info.plist */ = {isa = PBXFileReference; lastKnownFileType = text.plist.xml; path = Info.plist; sourceTree = "<group>"; };
		5CE9C37E2B7F26E600E865DA /* OilTemperatureComplicationExtension.entitlements */ = {isa = PBXFileReference; lastKnownFileType = text.plist.entitlements; path = OilTemperatureComplicationExtension.entitlements; sourceTree = "<group>"; };
		5CE9C37F2B7F26EF00E865DA /* CoolantComplicationExtension.entitlements */ = {isa = PBXFileReference; lastKnownFileType = text.plist.entitlements; path = CoolantComplicationExtension.entitlements; sourceTree = "<group>"; };
		5CEF428F2B719C97007C0951 /* OBD2DataManager.swift */ = {isa = PBXFileReference; lastKnownFileType = sourcecode.swift; path = OBD2DataManager.swift; sourceTree = "<group>"; };
		5CEF42912B719CA1007C0951 /* OBD2EventHandler.swift */ = {isa = PBXFileReference; lastKnownFileType = sourcecode.swift; path = OBD2EventHandler.swift; sourceTree = "<group>"; };
		5CEF42932B719CA9007C0951 /* OBD2ViewController.swift */ = {isa = PBXFileReference; lastKnownFileType = sourcecode.swift; path = OBD2ViewController.swift; sourceTree = "<group>"; };
		5CEF42952B719CB5007C0951 /* OBD2Interactor.swift */ = {isa = PBXFileReference; lastKnownFileType = sourcecode.swift; path = OBD2Interactor.swift; sourceTree = "<group>"; };
		5CEF42972B719CBC007C0951 /* OBD2Router.swift */ = {isa = PBXFileReference; lastKnownFileType = sourcecode.swift; path = OBD2Router.swift; sourceTree = "<group>"; };
		5CF230492B6B0C9B00A9E7C6 /* HomeViewController.swift */ = {isa = PBXFileReference; lastKnownFileType = sourcecode.swift; path = HomeViewController.swift; sourceTree = "<group>"; };
		5CF2304B2B6B0CA300A9E7C6 /* HomeEventHandler.swift */ = {isa = PBXFileReference; lastKnownFileType = sourcecode.swift; path = HomeEventHandler.swift; sourceTree = "<group>"; };
		5CF2304D2B6B0CA900A9E7C6 /* HomeInteractor.swift */ = {isa = PBXFileReference; lastKnownFileType = sourcecode.swift; path = HomeInteractor.swift; sourceTree = "<group>"; };
		5CF2304F2B6B0CAE00A9E7C6 /* HomeRouter.swift */ = {isa = PBXFileReference; lastKnownFileType = sourcecode.swift; path = HomeRouter.swift; sourceTree = "<group>"; };
		5CF230512B6B0CB900A9E7C6 /* HomeDataManager.swift */ = {isa = PBXFileReference; lastKnownFileType = sourcecode.swift; path = HomeDataManager.swift; sourceTree = "<group>"; };
		5CF230542B6B10AC00A9E7C6 /* SettingsViewController.swift */ = {isa = PBXFileReference; lastKnownFileType = sourcecode.swift; path = SettingsViewController.swift; sourceTree = "<group>"; };
		5CF230562B6B10C500A9E7C6 /* SettingsEventHandler.swift */ = {isa = PBXFileReference; lastKnownFileType = sourcecode.swift; path = SettingsEventHandler.swift; sourceTree = "<group>"; };
		5CF230582B6B10E300A9E7C6 /* SettingsInteractor.swift */ = {isa = PBXFileReference; lastKnownFileType = sourcecode.swift; path = SettingsInteractor.swift; sourceTree = "<group>"; };
		5CF2305A2B6B10FF00A9E7C6 /* SettingsRouter.swift */ = {isa = PBXFileReference; lastKnownFileType = sourcecode.swift; path = SettingsRouter.swift; sourceTree = "<group>"; };
		5CF2305C2B6B111500A9E7C6 /* SettingsDataManager.swift */ = {isa = PBXFileReference; lastKnownFileType = sourcecode.swift; path = SettingsDataManager.swift; sourceTree = "<group>"; };
		5CF2305F2B6B117700A9E7C6 /* TermsViewController.swift */ = {isa = PBXFileReference; lastKnownFileType = sourcecode.swift; path = TermsViewController.swift; sourceTree = "<group>"; };
		5CF230612B6B118C00A9E7C6 /* AboutViewController.swift */ = {isa = PBXFileReference; lastKnownFileType = sourcecode.swift; path = AboutViewController.swift; sourceTree = "<group>"; };
		5CF230652B6B11BC00A9E7C6 /* TableOption.swift */ = {isa = PBXFileReference; lastKnownFileType = sourcecode.swift; path = TableOption.swift; sourceTree = "<group>"; };
		5CF230672B6B11E900A9E7C6 /* TableViewCellFactory.swift */ = {isa = PBXFileReference; lastKnownFileType = sourcecode.swift; path = TableViewCellFactory.swift; sourceTree = "<group>"; };
		C1D97460DB9AD9EBE732393B /* Pods-MapBlueprint.debug.xcconfig */ = {isa = PBXFileReference; includeInIndex = 1; lastKnownFileType = text.xcconfig; name = "Pods-MapBlueprint.debug.xcconfig"; path = "Target Support Files/Pods-MapBlueprint/Pods-MapBlueprint.debug.xcconfig"; sourceTree = "<group>"; };
/* End PBXFileReference section */

/* Begin PBXFrameworksBuildPhase section */
		5CB3A8582B7CBE10002A9C49 /* Frameworks */ = {
			isa = PBXFrameworksBuildPhase;
			buildActionMask = 2147483647;
			files = (
				5CB3A85D2B7CBE10002A9C49 /* SwiftUI.framework in Frameworks */,
				5CB3A85C2B7CBE10002A9C49 /* WidgetKit.framework in Frameworks */,
			);
			runOnlyForDeploymentPostprocessing = 0;
		};
		5CBAED4C2B6B0A7E006C1A34 /* Frameworks */ = {
			isa = PBXFrameworksBuildPhase;
			buildActionMask = 2147483647;
			files = (
				DE4638EA42655A44BA51C6ED /* Pods_MapBlueprint.framework in Frameworks */,
			);
			runOnlyForDeploymentPostprocessing = 0;
		};
		5CBD615C2B7B447B009B00B5 /* Frameworks */ = {
			isa = PBXFrameworksBuildPhase;
			buildActionMask = 2147483647;
			files = (
			);
			runOnlyForDeploymentPostprocessing = 0;
		};
		5CBD616B2B7B447C009B00B5 /* Frameworks */ = {
			isa = PBXFrameworksBuildPhase;
			buildActionMask = 2147483647;
			files = (
			);
			runOnlyForDeploymentPostprocessing = 0;
		};
		5CBD61752B7B447C009B00B5 /* Frameworks */ = {
			isa = PBXFrameworksBuildPhase;
			buildActionMask = 2147483647;
			files = (
			);
			runOnlyForDeploymentPostprocessing = 0;
		};
		5CE57A7B2B7B5D0D005F3444 /* Frameworks */ = {
			isa = PBXFrameworksBuildPhase;
			buildActionMask = 2147483647;
			files = (
				5CE57A822B7B5D0D005F3444 /* SwiftUI.framework in Frameworks */,
				5CE57A802B7B5D0D005F3444 /* WidgetKit.framework in Frameworks */,
			);
			runOnlyForDeploymentPostprocessing = 0;
		};
		5CE9C3552B7F0F6F00E865DA /* Frameworks */ = {
			isa = PBXFrameworksBuildPhase;
			buildActionMask = 2147483647;
			files = (
				5CE9C35A2B7F0F6F00E865DA /* SwiftUI.framework in Frameworks */,
				5CE9C3592B7F0F6F00E865DA /* WidgetKit.framework in Frameworks */,
			);
			runOnlyForDeploymentPostprocessing = 0;
		};
		5CE9C36A2B7F0F8300E865DA /* Frameworks */ = {
			isa = PBXFrameworksBuildPhase;
			buildActionMask = 2147483647;
			files = (
				5CE9C36F2B7F0F8300E865DA /* SwiftUI.framework in Frameworks */,
				5CE9C36E2B7F0F8300E865DA /* WidgetKit.framework in Frameworks */,
			);
			runOnlyForDeploymentPostprocessing = 0;
		};
/* End PBXFrameworksBuildPhase section */

/* Begin PBXGroup section */
		444DD090AE941CACEBE8AB4F /* Frameworks */ = {
			isa = PBXGroup;
			children = (
				187B80FF985F8F9A3F3335A0 /* Pods_MapBlueprint.framework */,
				5CE57A7F2B7B5D0D005F3444 /* WidgetKit.framework */,
				5CE57A812B7B5D0D005F3444 /* SwiftUI.framework */,
			);
			name = Frameworks;
			sourceTree = "<group>";
		};
		5C9EBE922B820AFD00F6AABD /* Dashboard */ = {
			isa = PBXGroup;
			children = (
				5C9EBE932B820B1D00F6AABD /* DashboardViewController.swift */,
				5C9EBE952B820B2800F6AABD /* DashboardEventHandler.swift */,
				5C9EBE972B820B2F00F6AABD /* DashboardInteractor.swift */,
				5C9EBE992B820B3700F6AABD /* DashboardDataManager.swift */,
				5C9EBE9B2B820B4000F6AABD /* DashboardRouter.swift */,
			);
			path = Dashboard;
			sourceTree = "<group>";
		};
		5CB3A85E2B7CBE10002A9C49 /* CoffeeComplication */ = {
			isa = PBXGroup;
			children = (
				5CB3A85F2B7CBE10002A9C49 /* CoffeeComplication.swift */,
				5CB3A8612B7CBE10002A9C49 /* AppIntent.swift */,
				5CB3A8632B7CBE11002A9C49 /* Assets.xcassets */,
				5CB3A8652B7CBE11002A9C49 /* Info.plist */,
			);
			path = CoffeeComplication;
			sourceTree = "<group>";
		};
		5CBAED462B6B0A7E006C1A34 = {
			isa = PBXGroup;
			children = (
				5CE9C37F2B7F26EF00E865DA /* CoolantComplicationExtension.entitlements */,
				5CE9C37E2B7F26E600E865DA /* OilTemperatureComplicationExtension.entitlements */,
				5CB3A8562B7CB55F002A9C49 /* FuelComplicationExtension.entitlements */,
				5CBAED512B6B0A7E006C1A34 /* MapBlueprint */,
				5CBD61602B7B447B009B00B5 /* MapBlueprintCompanion Watch App */,
				5CBD61712B7B447C009B00B5 /* MapBlueprintCompanion Watch AppTests */,
				5CBD617B2B7B447C009B00B5 /* MapBlueprintCompanion Watch AppUITests */,
				5CE57A832B7B5D0D005F3444 /* FuelComplication */,
				5CB3A85E2B7CBE10002A9C49 /* CoffeeComplication */,
				5CE9C35B2B7F0F6F00E865DA /* CoolantComplication */,
				5CE9C3702B7F0F8300E865DA /* OilTemperatureComplication */,
				5CBAED502B6B0A7E006C1A34 /* Products */,
				E239000E860E912F1F881502 /* Pods */,
				444DD090AE941CACEBE8AB4F /* Frameworks */,
			);
			sourceTree = "<group>";
		};
		5CBAED502B6B0A7E006C1A34 /* Products */ = {
			isa = PBXGroup;
			children = (
				5CBAED4F2B6B0A7E006C1A34 /* MapBlueprint.app */,
				5CBD615F2B7B447B009B00B5 /* MapBlueprintCompanion Watch App.app */,
				5CBD616E2B7B447C009B00B5 /* MapBlueprintCompanion Watch AppTests.xctest */,
				5CBD61782B7B447C009B00B5 /* MapBlueprintCompanion Watch AppUITests.xctest */,
				5CE57A7E2B7B5D0D005F3444 /* FuelComplicationExtension.appex */,
				5CB3A85B2B7CBE10002A9C49 /* CoffeeComplicationExtension.appex */,
				5CE9C3582B7F0F6F00E865DA /* CoolantComplicationExtension.appex */,
				5CE9C36D2B7F0F8300E865DA /* OilTemperatureComplicationExtension.appex */,
			);
			name = Products;
			sourceTree = "<group>";
		};
		5CBAED512B6B0A7E006C1A34 /* MapBlueprint */ = {
			isa = PBXGroup;
			children = (
				5CB3A8542B7CB538002A9C49 /* MapBlueprint.entitlements */,
				5CE57A922B7B6594005F3444 /* Data */,
				5CF230642B6B11AA00A9E7C6 /* Models */,
				5CE57A972B7B797A005F3444 /* Factories */,
				5CF230632B6B119B00A9E7C6 /* Modules */,
				5CBAED522B6B0A7E006C1A34 /* AppDelegate.swift */,
				5C678C362B7A33B500D9A979 /* CarPlaySceneDelegate.swift */,
				5CBAED542B6B0A7E006C1A34 /* SceneDelegate.swift */,
				5CBAED562B6B0A7E006C1A34 /* ViewController.swift */,
				5CBAED582B6B0A7E006C1A34 /* Main.storyboard */,
				5CBAED5B2B6B0A7F006C1A34 /* Assets.xcassets */,
				5CBAED5D2B6B0A7F006C1A34 /* LaunchScreen.storyboard */,
				5CBAED602B6B0A7F006C1A34 /* Info.plist */,
			);
			path = MapBlueprint;
			sourceTree = "<group>";
		};
		5CBD61602B7B447B009B00B5 /* MapBlueprintCompanion Watch App */ = {
			isa = PBXGroup;
			children = (
				5C7990FD2B81C1FC000528D8 /* MapBlueprintCompanion-Watch-App-Info.plist */,
				5CB3A8552B7CB554002A9C49 /* MapBlueprintCompanion Watch App.entitlements */,
				5CBD61612B7B447B009B00B5 /* MapBlueprintCompanionApp.swift */,
				5CBD61632B7B447B009B00B5 /* ContentView.swift */,
				5CBD61652B7B447C009B00B5 /* Assets.xcassets */,
				5CBD61672B7B447C009B00B5 /* Preview Content */,
			);
			path = "MapBlueprintCompanion Watch App";
			sourceTree = "<group>";
		};
		5CBD61672B7B447C009B00B5 /* Preview Content */ = {
			isa = PBXGroup;
			children = (
				5CBD61682B7B447C009B00B5 /* Preview Assets.xcassets */,
			);
			path = "Preview Content";
			sourceTree = "<group>";
		};
		5CBD61712B7B447C009B00B5 /* MapBlueprintCompanion Watch AppTests */ = {
			isa = PBXGroup;
			children = (
				5CBD61722B7B447C009B00B5 /* MapBlueprintCompanion_Watch_AppTests.swift */,
			);
			path = "MapBlueprintCompanion Watch AppTests";
			sourceTree = "<group>";
		};
		5CBD617B2B7B447C009B00B5 /* MapBlueprintCompanion Watch AppUITests */ = {
			isa = PBXGroup;
			children = (
				5CBD617C2B7B447C009B00B5 /* MapBlueprintCompanion_Watch_AppUITests.swift */,
				5CBD617E2B7B447C009B00B5 /* MapBlueprintCompanion_Watch_AppUITestsLaunchTests.swift */,
			);
			path = "MapBlueprintCompanion Watch AppUITests";
			sourceTree = "<group>";
		};
		5CE57A832B7B5D0D005F3444 /* FuelComplication */ = {
			isa = PBXGroup;
			children = (
				5CE57A842B7B5D0D005F3444 /* FuelComplication.swift */,
				5CE57A862B7B5D0D005F3444 /* AppIntent.swift */,
				5CE57A882B7B5D14005F3444 /* Assets.xcassets */,
				5CE57A8A2B7B5D14005F3444 /* Info.plist */,
			);
			path = FuelComplication;
			sourceTree = "<group>";
		};
		5CE57A922B7B6594005F3444 /* Data */ = {
			isa = PBXGroup;
			children = (
				5CE57A9A2B7C8B64005F3444 /* SettingsMetaData.swift */,
				5CE4C6282B741AA3003314E7 /* OBD2MetaData.swift */,
				5CB51AA12B7408BE004B952A /* OBDData.swift */,
				5C9EBE6D2B81EAC100F6AABD /* AppConfigurable.swift */,
			);
			path = Data;
			sourceTree = "<group>";
		};
		5CE57A972B7B797A005F3444 /* Factories */ = {
			isa = PBXGroup;
			children = (
				5CF230672B6B11E900A9E7C6 /* TableViewCellFactory.swift */,
				5CE57A952B7B7840005F3444 /* OBDDataFactory.swift */,
				5CE57A982B7B798A005F3444 /* OBD2AdapterFactory.swift */,
			);
			path = Factories;
			sourceTree = "<group>";
		};
		5CE9C35B2B7F0F6F00E865DA /* CoolantComplication */ = {
			isa = PBXGroup;
			children = (
				5CE9C35C2B7F0F6F00E865DA /* CoolantComplication.swift */,
				5CE9C35E2B7F0F6F00E865DA /* AppIntent.swift */,
				5CE9C3602B7F0F7000E865DA /* Assets.xcassets */,
				5CE9C3622B7F0F7000E865DA /* Info.plist */,
			);
			path = CoolantComplication;
			sourceTree = "<group>";
		};
		5CE9C3702B7F0F8300E865DA /* OilTemperatureComplication */ = {
			isa = PBXGroup;
			children = (
				5CE9C3712B7F0F8300E865DA /* OilTemperatureComplication.swift */,
				5CE9C3732B7F0F8300E865DA /* AppIntent.swift */,
				5CE9C3752B7F0F8300E865DA /* Assets.xcassets */,
				5CE9C3772B7F0F8300E865DA /* Info.plist */,
			);
			path = OilTemperatureComplication;
			sourceTree = "<group>";
		};
		5CEF428E2B719C80007C0951 /* OBD2 */ = {
			isa = PBXGroup;
			children = (
				5CEF42932B719CA9007C0951 /* OBD2ViewController.swift */,
				5CEF42912B719CA1007C0951 /* OBD2EventHandler.swift */,
				5CEF42952B719CB5007C0951 /* OBD2Interactor.swift */,
				5CEF42972B719CBC007C0951 /* OBD2Router.swift */,
				5CEF428F2B719C97007C0951 /* OBD2DataManager.swift */,
			);
			path = OBD2;
			sourceTree = "<group>";
		};
		5CF230482B6B0C8800A9E7C6 /* Home */ = {
			isa = PBXGroup;
			children = (
				5CF230492B6B0C9B00A9E7C6 /* HomeViewController.swift */,
				5CF2304B2B6B0CA300A9E7C6 /* HomeEventHandler.swift */,
				5CF2304D2B6B0CA900A9E7C6 /* HomeInteractor.swift */,
				5CF2304F2B6B0CAE00A9E7C6 /* HomeRouter.swift */,
				5CF230512B6B0CB900A9E7C6 /* HomeDataManager.swift */,
			);
			path = Home;
			sourceTree = "<group>";
		};
		5CF230532B6B108800A9E7C6 /* Settings */ = {
			isa = PBXGroup;
			children = (
				5CF230542B6B10AC00A9E7C6 /* SettingsViewController.swift */,
				5CF230562B6B10C500A9E7C6 /* SettingsEventHandler.swift */,
				5CF230582B6B10E300A9E7C6 /* SettingsInteractor.swift */,
				5CF2305A2B6B10FF00A9E7C6 /* SettingsRouter.swift */,
				5CF2305C2B6B111500A9E7C6 /* SettingsDataManager.swift */,
			);
			path = Settings;
			sourceTree = "<group>";
		};
		5CF2305E2B6B115700A9E7C6 /* SettingsModules */ = {
			isa = PBXGroup;
			children = (
				5CEF428E2B719C80007C0951 /* OBD2 */,
				5CF2305F2B6B117700A9E7C6 /* TermsViewController.swift */,
				5CF230612B6B118C00A9E7C6 /* AboutViewController.swift */,
			);
			path = SettingsModules;
			sourceTree = "<group>";
		};
		5CF230632B6B119B00A9E7C6 /* Modules */ = {
			isa = PBXGroup;
			children = (
				5C9EBE922B820AFD00F6AABD /* Dashboard */,
				5CF2305E2B6B115700A9E7C6 /* SettingsModules */,
				5CF230532B6B108800A9E7C6 /* Settings */,
				5CF230482B6B0C8800A9E7C6 /* Home */,
			);
			path = Modules;
			sourceTree = "<group>";
		};
		5CF230642B6B11AA00A9E7C6 /* Models */ = {
			isa = PBXGroup;
			children = (
				5CF230652B6B11BC00A9E7C6 /* TableOption.swift */,
				5C2BFD8C2B735ACA00DE3DE9 /* PIDInfo.swift */,
				5CB51AA32B740C20004B952A /* OBDPID.swift */,
				5CE57A932B7B750B005F3444 /* OBDDataModel.swift */,
			);
			path = Models;
			sourceTree = "<group>";
		};
		E239000E860E912F1F881502 /* Pods */ = {
			isa = PBXGroup;
			children = (
				C1D97460DB9AD9EBE732393B /* Pods-MapBlueprint.debug.xcconfig */,
				502E91AD998CC0A44D3088C0 /* Pods-MapBlueprint.release.xcconfig */,
			);
			path = Pods;
			sourceTree = "<group>";
		};
/* End PBXGroup section */

/* Begin PBXNativeTarget section */
		5CB3A85A2B7CBE10002A9C49 /* CoffeeComplicationExtension */ = {
			isa = PBXNativeTarget;
			buildConfigurationList = 5CB3A8692B7CBE11002A9C49 /* Build configuration list for PBXNativeTarget "CoffeeComplicationExtension" */;
			buildPhases = (
				5CB3A8572B7CBE10002A9C49 /* Sources */,
				5CB3A8582B7CBE10002A9C49 /* Frameworks */,
				5CB3A8592B7CBE10002A9C49 /* Resources */,
			);
			buildRules = (
			);
			dependencies = (
			);
			name = CoffeeComplicationExtension;
			productName = CoffeeComplicationExtension;
			productReference = 5CB3A85B2B7CBE10002A9C49 /* CoffeeComplicationExtension.appex */;
			productType = "com.apple.product-type.app-extension";
		};
		5CBAED4E2B6B0A7E006C1A34 /* MapBlueprint */ = {
			isa = PBXNativeTarget;
			buildConfigurationList = 5CBAED632B6B0A7F006C1A34 /* Build configuration list for PBXNativeTarget "MapBlueprint" */;
			buildPhases = (
				607F92C26DA909AC23018B71 /* [CP] Check Pods Manifest.lock */,
				5CBAED4B2B6B0A7E006C1A34 /* Sources */,
				5CBAED4C2B6B0A7E006C1A34 /* Frameworks */,
				5CBAED4D2B6B0A7E006C1A34 /* Resources */,
				4FDD858D45EA8DAC967ADE2A /* [CP] Embed Pods Frameworks */,
				5CBD61832B7B447C009B00B5 /* Embed Watch Content */,
			);
			buildRules = (
			);
			dependencies = (
				5CBD61812B7B447C009B00B5 /* PBXTargetDependency */,
			);
			name = MapBlueprint;
			productName = MapBlueprint;
			productReference = 5CBAED4F2B6B0A7E006C1A34 /* MapBlueprint.app */;
			productType = "com.apple.product-type.application";
		};
		5CBD615E2B7B447B009B00B5 /* MapBlueprintCompanion Watch App */ = {
			isa = PBXNativeTarget;
			buildConfigurationList = 5CBD618A2B7B447C009B00B5 /* Build configuration list for PBXNativeTarget "MapBlueprintCompanion Watch App" */;
			buildPhases = (
				5CBD615B2B7B447B009B00B5 /* Sources */,
				5CBD615C2B7B447B009B00B5 /* Frameworks */,
				5CBD615D2B7B447B009B00B5 /* Resources */,
				5CE57A8E2B7B5D14005F3444 /* Embed Foundation Extensions */,
			);
			buildRules = (
			);
			dependencies = (
				5CE57A8C2B7B5D14005F3444 /* PBXTargetDependency */,
				5CB3A8672B7CBE11002A9C49 /* PBXTargetDependency */,
				5CE9C3642B7F0F7000E865DA /* PBXTargetDependency */,
				5CE9C3792B7F0F8300E865DA /* PBXTargetDependency */,
			);
			name = "MapBlueprintCompanion Watch App";
			productName = "MapBlueprintCompanion Watch App";
			productReference = 5CBD615F2B7B447B009B00B5 /* MapBlueprintCompanion Watch App.app */;
			productType = "com.apple.product-type.application";
		};
		5CBD616D2B7B447C009B00B5 /* MapBlueprintCompanion Watch AppTests */ = {
			isa = PBXNativeTarget;
			buildConfigurationList = 5CBD618B2B7B447C009B00B5 /* Build configuration list for PBXNativeTarget "MapBlueprintCompanion Watch AppTests" */;
			buildPhases = (
				5CBD616A2B7B447C009B00B5 /* Sources */,
				5CBD616B2B7B447C009B00B5 /* Frameworks */,
				5CBD616C2B7B447C009B00B5 /* Resources */,
			);
			buildRules = (
			);
			dependencies = (
				5CBD61702B7B447C009B00B5 /* PBXTargetDependency */,
			);
			name = "MapBlueprintCompanion Watch AppTests";
			productName = "MapBlueprintCompanion Watch AppTests";
			productReference = 5CBD616E2B7B447C009B00B5 /* MapBlueprintCompanion Watch AppTests.xctest */;
			productType = "com.apple.product-type.bundle.unit-test";
		};
		5CBD61772B7B447C009B00B5 /* MapBlueprintCompanion Watch AppUITests */ = {
			isa = PBXNativeTarget;
			buildConfigurationList = 5CBD618C2B7B447C009B00B5 /* Build configuration list for PBXNativeTarget "MapBlueprintCompanion Watch AppUITests" */;
			buildPhases = (
				5CBD61742B7B447C009B00B5 /* Sources */,
				5CBD61752B7B447C009B00B5 /* Frameworks */,
				5CBD61762B7B447C009B00B5 /* Resources */,
			);
			buildRules = (
			);
			dependencies = (
				5CBD617A2B7B447C009B00B5 /* PBXTargetDependency */,
			);
			name = "MapBlueprintCompanion Watch AppUITests";
			productName = "MapBlueprintCompanion Watch AppUITests";
			productReference = 5CBD61782B7B447C009B00B5 /* MapBlueprintCompanion Watch AppUITests.xctest */;
			productType = "com.apple.product-type.bundle.ui-testing";
		};
		5CE57A7D2B7B5D0D005F3444 /* FuelComplicationExtension */ = {
			isa = PBXNativeTarget;
			buildConfigurationList = 5CE57A912B7B5D14005F3444 /* Build configuration list for PBXNativeTarget "FuelComplicationExtension" */;
			buildPhases = (
				5CE57A7A2B7B5D0D005F3444 /* Sources */,
				5CE57A7B2B7B5D0D005F3444 /* Frameworks */,
				5CE57A7C2B7B5D0D005F3444 /* Resources */,
			);
			buildRules = (
			);
			dependencies = (
			);
			name = FuelComplicationExtension;
			productName = FuelComplicationExtension;
			productReference = 5CE57A7E2B7B5D0D005F3444 /* FuelComplicationExtension.appex */;
			productType = "com.apple.product-type.app-extension";
		};
		5CE9C3572B7F0F6F00E865DA /* CoolantComplicationExtension */ = {
			isa = PBXNativeTarget;
			buildConfigurationList = 5CE9C3682B7F0F7000E865DA /* Build configuration list for PBXNativeTarget "CoolantComplicationExtension" */;
			buildPhases = (
				5CE9C3542B7F0F6F00E865DA /* Sources */,
				5CE9C3552B7F0F6F00E865DA /* Frameworks */,
				5CE9C3562B7F0F6F00E865DA /* Resources */,
			);
			buildRules = (
			);
			dependencies = (
			);
			name = CoolantComplicationExtension;
			productName = CoolantComplicationExtension;
			productReference = 5CE9C3582B7F0F6F00E865DA /* CoolantComplicationExtension.appex */;
			productType = "com.apple.product-type.app-extension";
		};
		5CE9C36C2B7F0F8300E865DA /* OilTemperatureComplicationExtension */ = {
			isa = PBXNativeTarget;
			buildConfigurationList = 5CE9C37B2B7F0F8300E865DA /* Build configuration list for PBXNativeTarget "OilTemperatureComplicationExtension" */;
			buildPhases = (
				5CE9C3692B7F0F8300E865DA /* Sources */,
				5CE9C36A2B7F0F8300E865DA /* Frameworks */,
				5CE9C36B2B7F0F8300E865DA /* Resources */,
			);
			buildRules = (
			);
			dependencies = (
			);
			name = OilTemperatureComplicationExtension;
			productName = OilTemperatureComplicationExtension;
			productReference = 5CE9C36D2B7F0F8300E865DA /* OilTemperatureComplicationExtension.appex */;
			productType = "com.apple.product-type.app-extension";
		};
/* End PBXNativeTarget section */

/* Begin PBXProject section */
		5CBAED472B6B0A7E006C1A34 /* Project object */ = {
			isa = PBXProject;
			attributes = {
				BuildIndependentTargetsInParallel = 1;
				LastSwiftUpdateCheck = 1520;
				LastUpgradeCheck = 1520;
				TargetAttributes = {
					5CB3A85A2B7CBE10002A9C49 = {
						CreatedOnToolsVersion = 15.2;
					};
					5CBAED4E2B6B0A7E006C1A34 = {
						CreatedOnToolsVersion = 15.2;
					};
					5CBD615E2B7B447B009B00B5 = {
						CreatedOnToolsVersion = 15.2;
					};
					5CBD616D2B7B447C009B00B5 = {
						CreatedOnToolsVersion = 15.2;
						TestTargetID = 5CBD615E2B7B447B009B00B5;
					};
					5CBD61772B7B447C009B00B5 = {
						CreatedOnToolsVersion = 15.2;
						TestTargetID = 5CBD615E2B7B447B009B00B5;
					};
					5CE57A7D2B7B5D0D005F3444 = {
						CreatedOnToolsVersion = 15.2;
					};
					5CE9C3572B7F0F6F00E865DA = {
						CreatedOnToolsVersion = 15.2;
					};
					5CE9C36C2B7F0F8300E865DA = {
						CreatedOnToolsVersion = 15.2;
					};
				};
			};
			buildConfigurationList = 5CBAED4A2B6B0A7E006C1A34 /* Build configuration list for PBXProject "MapBlueprint" */;
			compatibilityVersion = "Xcode 14.0";
			developmentRegion = en;
			hasScannedForEncodings = 0;
			knownRegions = (
				en,
				Base,
			);
			mainGroup = 5CBAED462B6B0A7E006C1A34;
			productRefGroup = 5CBAED502B6B0A7E006C1A34 /* Products */;
			projectDirPath = "";
			projectRoot = "";
			targets = (
				5CBAED4E2B6B0A7E006C1A34 /* MapBlueprint */,
				5CBD615E2B7B447B009B00B5 /* MapBlueprintCompanion Watch App */,
				5CBD616D2B7B447C009B00B5 /* MapBlueprintCompanion Watch AppTests */,
				5CBD61772B7B447C009B00B5 /* MapBlueprintCompanion Watch AppUITests */,
				5CE57A7D2B7B5D0D005F3444 /* FuelComplicationExtension */,
				5CB3A85A2B7CBE10002A9C49 /* CoffeeComplicationExtension */,
				5CE9C3572B7F0F6F00E865DA /* CoolantComplicationExtension */,
				5CE9C36C2B7F0F8300E865DA /* OilTemperatureComplicationExtension */,
			);
		};
/* End PBXProject section */

/* Begin PBXResourcesBuildPhase section */
		5CB3A8592B7CBE10002A9C49 /* Resources */ = {
			isa = PBXResourcesBuildPhase;
			buildActionMask = 2147483647;
			files = (
				5CB3A8642B7CBE11002A9C49 /* Assets.xcassets in Resources */,
			);
			runOnlyForDeploymentPostprocessing = 0;
		};
		5CBAED4D2B6B0A7E006C1A34 /* Resources */ = {
			isa = PBXResourcesBuildPhase;
			buildActionMask = 2147483647;
			files = (
				5CBAED5F2B6B0A7F006C1A34 /* LaunchScreen.storyboard in Resources */,
				5CBAED5C2B6B0A7F006C1A34 /* Assets.xcassets in Resources */,
				5CBAED5A2B6B0A7E006C1A34 /* Main.storyboard in Resources */,
			);
			runOnlyForDeploymentPostprocessing = 0;
		};
		5CBD615D2B7B447B009B00B5 /* Resources */ = {
			isa = PBXResourcesBuildPhase;
			buildActionMask = 2147483647;
			files = (
				5CBD61692B7B447C009B00B5 /* Preview Assets.xcassets in Resources */,
				5CBD61662B7B447C009B00B5 /* Assets.xcassets in Resources */,
			);
			runOnlyForDeploymentPostprocessing = 0;
		};
		5CBD616C2B7B447C009B00B5 /* Resources */ = {
			isa = PBXResourcesBuildPhase;
			buildActionMask = 2147483647;
			files = (
			);
			runOnlyForDeploymentPostprocessing = 0;
		};
		5CBD61762B7B447C009B00B5 /* Resources */ = {
			isa = PBXResourcesBuildPhase;
			buildActionMask = 2147483647;
			files = (
			);
			runOnlyForDeploymentPostprocessing = 0;
		};
		5CE57A7C2B7B5D0D005F3444 /* Resources */ = {
			isa = PBXResourcesBuildPhase;
			buildActionMask = 2147483647;
			files = (
				5CE57A892B7B5D14005F3444 /* Assets.xcassets in Resources */,
			);
			runOnlyForDeploymentPostprocessing = 0;
		};
		5CE9C3562B7F0F6F00E865DA /* Resources */ = {
			isa = PBXResourcesBuildPhase;
			buildActionMask = 2147483647;
			files = (
				5CE9C3612B7F0F7000E865DA /* Assets.xcassets in Resources */,
			);
			runOnlyForDeploymentPostprocessing = 0;
		};
		5CE9C36B2B7F0F8300E865DA /* Resources */ = {
			isa = PBXResourcesBuildPhase;
			buildActionMask = 2147483647;
			files = (
				5CE9C3762B7F0F8300E865DA /* Assets.xcassets in Resources */,
			);
			runOnlyForDeploymentPostprocessing = 0;
		};
/* End PBXResourcesBuildPhase section */

/* Begin PBXShellScriptBuildPhase section */
		4FDD858D45EA8DAC967ADE2A /* [CP] Embed Pods Frameworks */ = {
			isa = PBXShellScriptBuildPhase;
			buildActionMask = 2147483647;
			files = (
			);
			inputFileListPaths = (
				"${PODS_ROOT}/Target Support Files/Pods-MapBlueprint/Pods-MapBlueprint-frameworks-${CONFIGURATION}-input-files.xcfilelist",
			);
			name = "[CP] Embed Pods Frameworks";
			outputFileListPaths = (
				"${PODS_ROOT}/Target Support Files/Pods-MapBlueprint/Pods-MapBlueprint-frameworks-${CONFIGURATION}-output-files.xcfilelist",
			);
			runOnlyForDeploymentPostprocessing = 0;
			shellPath = /bin/sh;
			shellScript = "\"${PODS_ROOT}/Target Support Files/Pods-MapBlueprint/Pods-MapBlueprint-frameworks.sh\"\n";
			showEnvVarsInLog = 0;
		};
		607F92C26DA909AC23018B71 /* [CP] Check Pods Manifest.lock */ = {
			isa = PBXShellScriptBuildPhase;
			buildActionMask = 2147483647;
			files = (
			);
			inputFileListPaths = (
			);
			inputPaths = (
				"${PODS_PODFILE_DIR_PATH}/Podfile.lock",
				"${PODS_ROOT}/Manifest.lock",
			);
			name = "[CP] Check Pods Manifest.lock";
			outputFileListPaths = (
			);
			outputPaths = (
				"$(DERIVED_FILE_DIR)/Pods-MapBlueprint-checkManifestLockResult.txt",
			);
			runOnlyForDeploymentPostprocessing = 0;
			shellPath = /bin/sh;
			shellScript = "diff \"${PODS_PODFILE_DIR_PATH}/Podfile.lock\" \"${PODS_ROOT}/Manifest.lock\" > /dev/null\nif [ $? != 0 ] ; then\n    # print error to STDERR\n    echo \"error: The sandbox is not in sync with the Podfile.lock. Run 'pod install' or update your CocoaPods installation.\" >&2\n    exit 1\nfi\n# This output is used by Xcode 'outputs' to avoid re-running this script phase.\necho \"SUCCESS\" > \"${SCRIPT_OUTPUT_FILE_0}\"\n";
			showEnvVarsInLog = 0;
		};
/* End PBXShellScriptBuildPhase section */

/* Begin PBXSourcesBuildPhase section */
		5CB3A8572B7CBE10002A9C49 /* Sources */ = {
			isa = PBXSourcesBuildPhase;
			buildActionMask = 2147483647;
			files = (
				5CB3A8602B7CBE10002A9C49 /* CoffeeComplication.swift in Sources */,
				5CB3A8622B7CBE10002A9C49 /* AppIntent.swift in Sources */,
			);
			runOnlyForDeploymentPostprocessing = 0;
		};
		5CBAED4B2B6B0A7E006C1A34 /* Sources */ = {
			isa = PBXSourcesBuildPhase;
			buildActionMask = 2147483647;
			files = (
				5CBAED572B6B0A7E006C1A34 /* ViewController.swift in Sources */,
				5C2BFD8D2B735ACA00DE3DE9 /* PIDInfo.swift in Sources */,
				5C9EBE9A2B820B3700F6AABD /* DashboardDataManager.swift in Sources */,
				5C9EBE6E2B81EAC100F6AABD /* AppConfigurable.swift in Sources */,
				5CF230682B6B11E900A9E7C6 /* TableViewCellFactory.swift in Sources */,
				5CE57A992B7B798A005F3444 /* OBD2AdapterFactory.swift in Sources */,
				5CF2304C2B6B0CA300A9E7C6 /* HomeEventHandler.swift in Sources */,
				5CEF42922B719CA1007C0951 /* OBD2EventHandler.swift in Sources */,
				5C9EBE9C2B820B4000F6AABD /* DashboardRouter.swift in Sources */,
				5CB51AA42B740C20004B952A /* OBDPID.swift in Sources */,
				5CF230572B6B10C500A9E7C6 /* SettingsEventHandler.swift in Sources */,
				5C678C372B7A33B500D9A979 /* CarPlaySceneDelegate.swift in Sources */,
				5C9EBE982B820B2F00F6AABD /* DashboardInteractor.swift in Sources */,
				5CEF42942B719CA9007C0951 /* OBD2ViewController.swift in Sources */,
				5CE57A942B7B750B005F3444 /* OBDDataModel.swift in Sources */,
				5CEF42962B719CB5007C0951 /* OBD2Interactor.swift in Sources */,
				5CB51AA22B7408BE004B952A /* OBDData.swift in Sources */,
				5CF230622B6B118C00A9E7C6 /* AboutViewController.swift in Sources */,
				5CF2305D2B6B111500A9E7C6 /* SettingsDataManager.swift in Sources */,
				5C9EBE962B820B2800F6AABD /* DashboardEventHandler.swift in Sources */,
				5CE57A962B7B7840005F3444 /* OBDDataFactory.swift in Sources */,
				5CEF42902B719C97007C0951 /* OBD2DataManager.swift in Sources */,
				5CF230502B6B0CAE00A9E7C6 /* HomeRouter.swift in Sources */,
				5C9EBE942B820B1D00F6AABD /* DashboardViewController.swift in Sources */,
				5CBAED532B6B0A7E006C1A34 /* AppDelegate.swift in Sources */,
				5CE4C6292B741AA3003314E7 /* OBD2MetaData.swift in Sources */,
				5CF230602B6B117700A9E7C6 /* TermsViewController.swift in Sources */,
				5CEF42982B719CBC007C0951 /* OBD2Router.swift in Sources */,
				5CF230592B6B10E300A9E7C6 /* SettingsInteractor.swift in Sources */,
				5CF2304E2B6B0CA900A9E7C6 /* HomeInteractor.swift in Sources */,
				5CBAED552B6B0A7E006C1A34 /* SceneDelegate.swift in Sources */,
				5CF230522B6B0CB900A9E7C6 /* HomeDataManager.swift in Sources */,
				5CF2305B2B6B10FF00A9E7C6 /* SettingsRouter.swift in Sources */,
				5CF230662B6B11BC00A9E7C6 /* TableOption.swift in Sources */,
				5CF2304A2B6B0C9B00A9E7C6 /* HomeViewController.swift in Sources */,
				5CF230552B6B10AC00A9E7C6 /* SettingsViewController.swift in Sources */,
				5CE57A9B2B7C8B64005F3444 /* SettingsMetaData.swift in Sources */,
			);
			runOnlyForDeploymentPostprocessing = 0;
		};
		5CBD615B2B7B447B009B00B5 /* Sources */ = {
			isa = PBXSourcesBuildPhase;
			buildActionMask = 2147483647;
			files = (
				5CBD61642B7B447B009B00B5 /* ContentView.swift in Sources */,
				5CBD61622B7B447B009B00B5 /* MapBlueprintCompanionApp.swift in Sources */,
			);
			runOnlyForDeploymentPostprocessing = 0;
		};
		5CBD616A2B7B447C009B00B5 /* Sources */ = {
			isa = PBXSourcesBuildPhase;
			buildActionMask = 2147483647;
			files = (
				5CBD61732B7B447C009B00B5 /* MapBlueprintCompanion_Watch_AppTests.swift in Sources */,
			);
			runOnlyForDeploymentPostprocessing = 0;
		};
		5CBD61742B7B447C009B00B5 /* Sources */ = {
			isa = PBXSourcesBuildPhase;
			buildActionMask = 2147483647;
			files = (
				5CBD617F2B7B447C009B00B5 /* MapBlueprintCompanion_Watch_AppUITestsLaunchTests.swift in Sources */,
				5CBD617D2B7B447C009B00B5 /* MapBlueprintCompanion_Watch_AppUITests.swift in Sources */,
			);
			runOnlyForDeploymentPostprocessing = 0;
		};
		5CE57A7A2B7B5D0D005F3444 /* Sources */ = {
			isa = PBXSourcesBuildPhase;
			buildActionMask = 2147483647;
			files = (
				5CE57A852B7B5D0D005F3444 /* FuelComplication.swift in Sources */,
				5CE57A872B7B5D0D005F3444 /* AppIntent.swift in Sources */,
			);
			runOnlyForDeploymentPostprocessing = 0;
		};
		5CE9C3542B7F0F6F00E865DA /* Sources */ = {
			isa = PBXSourcesBuildPhase;
			buildActionMask = 2147483647;
			files = (
				5CE9C35D2B7F0F6F00E865DA /* CoolantComplication.swift in Sources */,
				5CE9C35F2B7F0F6F00E865DA /* AppIntent.swift in Sources */,
			);
			runOnlyForDeploymentPostprocessing = 0;
		};
		5CE9C3692B7F0F8300E865DA /* Sources */ = {
			isa = PBXSourcesBuildPhase;
			buildActionMask = 2147483647;
			files = (
				5CE9C3722B7F0F8300E865DA /* OilTemperatureComplication.swift in Sources */,
				5CE9C3742B7F0F8300E865DA /* AppIntent.swift in Sources */,
			);
			runOnlyForDeploymentPostprocessing = 0;
		};
/* End PBXSourcesBuildPhase section */

/* Begin PBXTargetDependency section */
		5CB3A8672B7CBE11002A9C49 /* PBXTargetDependency */ = {
			isa = PBXTargetDependency;
			target = 5CB3A85A2B7CBE10002A9C49 /* CoffeeComplicationExtension */;
			targetProxy = 5CB3A8662B7CBE11002A9C49 /* PBXContainerItemProxy */;
		};
		5CBD61702B7B447C009B00B5 /* PBXTargetDependency */ = {
			isa = PBXTargetDependency;
			target = 5CBD615E2B7B447B009B00B5 /* MapBlueprintCompanion Watch App */;
			targetProxy = 5CBD616F2B7B447C009B00B5 /* PBXContainerItemProxy */;
		};
		5CBD617A2B7B447C009B00B5 /* PBXTargetDependency */ = {
			isa = PBXTargetDependency;
			target = 5CBD615E2B7B447B009B00B5 /* MapBlueprintCompanion Watch App */;
			targetProxy = 5CBD61792B7B447C009B00B5 /* PBXContainerItemProxy */;
		};
		5CBD61812B7B447C009B00B5 /* PBXTargetDependency */ = {
			isa = PBXTargetDependency;
			target = 5CBD615E2B7B447B009B00B5 /* MapBlueprintCompanion Watch App */;
			targetProxy = 5CBD61802B7B447C009B00B5 /* PBXContainerItemProxy */;
		};
		5CE57A8C2B7B5D14005F3444 /* PBXTargetDependency */ = {
			isa = PBXTargetDependency;
			target = 5CE57A7D2B7B5D0D005F3444 /* FuelComplicationExtension */;
			targetProxy = 5CE57A8B2B7B5D14005F3444 /* PBXContainerItemProxy */;
		};
		5CE9C3642B7F0F7000E865DA /* PBXTargetDependency */ = {
			isa = PBXTargetDependency;
			target = 5CE9C3572B7F0F6F00E865DA /* CoolantComplicationExtension */;
			targetProxy = 5CE9C3632B7F0F7000E865DA /* PBXContainerItemProxy */;
		};
		5CE9C3792B7F0F8300E865DA /* PBXTargetDependency */ = {
			isa = PBXTargetDependency;
			target = 5CE9C36C2B7F0F8300E865DA /* OilTemperatureComplicationExtension */;
			targetProxy = 5CE9C3782B7F0F8300E865DA /* PBXContainerItemProxy */;
		};
/* End PBXTargetDependency section */

/* Begin PBXVariantGroup section */
		5CBAED582B6B0A7E006C1A34 /* Main.storyboard */ = {
			isa = PBXVariantGroup;
			children = (
				5CBAED592B6B0A7E006C1A34 /* Base */,
			);
			name = Main.storyboard;
			sourceTree = "<group>";
		};
		5CBAED5D2B6B0A7F006C1A34 /* LaunchScreen.storyboard */ = {
			isa = PBXVariantGroup;
			children = (
				5CBAED5E2B6B0A7F006C1A34 /* Base */,
			);
			name = LaunchScreen.storyboard;
			sourceTree = "<group>";
		};
/* End PBXVariantGroup section */

/* Begin XCBuildConfiguration section */
		5CB3A86A2B7CBE11002A9C49 /* Debug */ = {
			isa = XCBuildConfiguration;
			buildSettings = {
				ASSETCATALOG_COMPILER_GLOBAL_ACCENT_COLOR_NAME = AccentColor;
				ASSETCATALOG_COMPILER_WIDGET_BACKGROUND_COLOR_NAME = WidgetBackground;
				CODE_SIGN_STYLE = Automatic;
				CURRENT_PROJECT_VERSION = 1;
				DEVELOPMENT_TEAM = NP96938VJW;
				ENABLE_USER_SCRIPT_SANDBOXING = YES;
				GENERATE_INFOPLIST_FILE = YES;
				INFOPLIST_FILE = CoffeeComplication/Info.plist;
				INFOPLIST_KEY_CFBundleDisplayName = CoffeeComplication;
				INFOPLIST_KEY_NSHumanReadableCopyright = "";
				LD_RUNPATH_SEARCH_PATHS = (
					"$(inherited)",
					"@executable_path/Frameworks",
					"@executable_path/../../Frameworks",
					"@executable_path/../../../../Frameworks",
				);
				MARKETING_VERSION = 1.0;
				PRODUCT_BUNDLE_IDENTIFIER = "Alex-S.MapBlueprint.watchkitapp.CoffeeComplication";
				PRODUCT_NAME = "$(TARGET_NAME)";
				SDKROOT = watchos;
				SKIP_INSTALL = YES;
				SWIFT_EMIT_LOC_STRINGS = YES;
				SWIFT_VERSION = 5.0;
				TARGETED_DEVICE_FAMILY = 4;
				WATCHOS_DEPLOYMENT_TARGET = 10.2;
			};
			name = Debug;
		};
		5CB3A86B2B7CBE11002A9C49 /* Release */ = {
			isa = XCBuildConfiguration;
			buildSettings = {
				ASSETCATALOG_COMPILER_GLOBAL_ACCENT_COLOR_NAME = AccentColor;
				ASSETCATALOG_COMPILER_WIDGET_BACKGROUND_COLOR_NAME = WidgetBackground;
				CODE_SIGN_STYLE = Automatic;
				CURRENT_PROJECT_VERSION = 1;
				DEVELOPMENT_TEAM = NP96938VJW;
				ENABLE_USER_SCRIPT_SANDBOXING = YES;
				GENERATE_INFOPLIST_FILE = YES;
				INFOPLIST_FILE = CoffeeComplication/Info.plist;
				INFOPLIST_KEY_CFBundleDisplayName = CoffeeComplication;
				INFOPLIST_KEY_NSHumanReadableCopyright = "";
				LD_RUNPATH_SEARCH_PATHS = (
					"$(inherited)",
					"@executable_path/Frameworks",
					"@executable_path/../../Frameworks",
					"@executable_path/../../../../Frameworks",
				);
				MARKETING_VERSION = 1.0;
				PRODUCT_BUNDLE_IDENTIFIER = "Alex-S.MapBlueprint.watchkitapp.CoffeeComplication";
				PRODUCT_NAME = "$(TARGET_NAME)";
				SDKROOT = watchos;
				SKIP_INSTALL = YES;
				SWIFT_EMIT_LOC_STRINGS = YES;
				SWIFT_VERSION = 5.0;
				TARGETED_DEVICE_FAMILY = 4;
				WATCHOS_DEPLOYMENT_TARGET = 10.2;
			};
			name = Release;
		};
		5CBAED612B6B0A7F006C1A34 /* Debug */ = {
			isa = XCBuildConfiguration;
			buildSettings = {
				ALWAYS_SEARCH_USER_PATHS = NO;
				ASSETCATALOG_COMPILER_GENERATE_SWIFT_ASSET_SYMBOL_EXTENSIONS = YES;
				CLANG_ANALYZER_NONNULL = YES;
				CLANG_ANALYZER_NUMBER_OBJECT_CONVERSION = YES_AGGRESSIVE;
				CLANG_CXX_LANGUAGE_STANDARD = "gnu++20";
				CLANG_ENABLE_MODULES = YES;
				CLANG_ENABLE_OBJC_ARC = YES;
				CLANG_ENABLE_OBJC_WEAK = YES;
				CLANG_WARN_BLOCK_CAPTURE_AUTORELEASING = YES;
				CLANG_WARN_BOOL_CONVERSION = YES;
				CLANG_WARN_COMMA = YES;
				CLANG_WARN_CONSTANT_CONVERSION = YES;
				CLANG_WARN_DEPRECATED_OBJC_IMPLEMENTATIONS = YES;
				CLANG_WARN_DIRECT_OBJC_ISA_USAGE = YES_ERROR;
				CLANG_WARN_DOCUMENTATION_COMMENTS = YES;
				CLANG_WARN_EMPTY_BODY = YES;
				CLANG_WARN_ENUM_CONVERSION = YES;
				CLANG_WARN_INFINITE_RECURSION = YES;
				CLANG_WARN_INT_CONVERSION = YES;
				CLANG_WARN_NON_LITERAL_NULL_CONVERSION = YES;
				CLANG_WARN_OBJC_IMPLICIT_RETAIN_SELF = YES;
				CLANG_WARN_OBJC_LITERAL_CONVERSION = YES;
				CLANG_WARN_OBJC_ROOT_CLASS = YES_ERROR;
				CLANG_WARN_QUOTED_INCLUDE_IN_FRAMEWORK_HEADER = YES;
				CLANG_WARN_RANGE_LOOP_ANALYSIS = YES;
				CLANG_WARN_STRICT_PROTOTYPES = YES;
				CLANG_WARN_SUSPICIOUS_MOVE = YES;
				CLANG_WARN_UNGUARDED_AVAILABILITY = YES_AGGRESSIVE;
				CLANG_WARN_UNREACHABLE_CODE = YES;
				CLANG_WARN__DUPLICATE_METHOD_MATCH = YES;
				COPY_PHASE_STRIP = NO;
				DEBUG_INFORMATION_FORMAT = dwarf;
				ENABLE_STRICT_OBJC_MSGSEND = YES;
				ENABLE_TESTABILITY = YES;
				ENABLE_USER_SCRIPT_SANDBOXING = NO;
				GCC_C_LANGUAGE_STANDARD = gnu17;
				GCC_DYNAMIC_NO_PIC = NO;
				GCC_NO_COMMON_BLOCKS = YES;
				GCC_OPTIMIZATION_LEVEL = 0;
				GCC_PREPROCESSOR_DEFINITIONS = (
					"DEBUG=1",
					"$(inherited)",
				);
				GCC_WARN_64_TO_32_BIT_CONVERSION = YES;
				GCC_WARN_ABOUT_RETURN_TYPE = YES_ERROR;
				GCC_WARN_UNDECLARED_SELECTOR = YES;
				GCC_WARN_UNINITIALIZED_AUTOS = YES_AGGRESSIVE;
				GCC_WARN_UNUSED_FUNCTION = YES;
				GCC_WARN_UNUSED_VARIABLE = YES;
				IPHONEOS_DEPLOYMENT_TARGET = 17.2;
				LOCALIZATION_PREFERS_STRING_CATALOGS = YES;
				MTL_ENABLE_DEBUG_INFO = INCLUDE_SOURCE;
				MTL_FAST_MATH = YES;
				ONLY_ACTIVE_ARCH = YES;
				SDKROOT = iphoneos;
				SWIFT_ACTIVE_COMPILATION_CONDITIONS = "DEBUG $(inherited)";
				SWIFT_OPTIMIZATION_LEVEL = "-Onone";
			};
			name = Debug;
		};
		5CBAED622B6B0A7F006C1A34 /* Release */ = {
			isa = XCBuildConfiguration;
			buildSettings = {
				ALWAYS_SEARCH_USER_PATHS = NO;
				ASSETCATALOG_COMPILER_GENERATE_SWIFT_ASSET_SYMBOL_EXTENSIONS = YES;
				CLANG_ANALYZER_NONNULL = YES;
				CLANG_ANALYZER_NUMBER_OBJECT_CONVERSION = YES_AGGRESSIVE;
				CLANG_CXX_LANGUAGE_STANDARD = "gnu++20";
				CLANG_ENABLE_MODULES = YES;
				CLANG_ENABLE_OBJC_ARC = YES;
				CLANG_ENABLE_OBJC_WEAK = YES;
				CLANG_WARN_BLOCK_CAPTURE_AUTORELEASING = YES;
				CLANG_WARN_BOOL_CONVERSION = YES;
				CLANG_WARN_COMMA = YES;
				CLANG_WARN_CONSTANT_CONVERSION = YES;
				CLANG_WARN_DEPRECATED_OBJC_IMPLEMENTATIONS = YES;
				CLANG_WARN_DIRECT_OBJC_ISA_USAGE = YES_ERROR;
				CLANG_WARN_DOCUMENTATION_COMMENTS = YES;
				CLANG_WARN_EMPTY_BODY = YES;
				CLANG_WARN_ENUM_CONVERSION = YES;
				CLANG_WARN_INFINITE_RECURSION = YES;
				CLANG_WARN_INT_CONVERSION = YES;
				CLANG_WARN_NON_LITERAL_NULL_CONVERSION = YES;
				CLANG_WARN_OBJC_IMPLICIT_RETAIN_SELF = YES;
				CLANG_WARN_OBJC_LITERAL_CONVERSION = YES;
				CLANG_WARN_OBJC_ROOT_CLASS = YES_ERROR;
				CLANG_WARN_QUOTED_INCLUDE_IN_FRAMEWORK_HEADER = YES;
				CLANG_WARN_RANGE_LOOP_ANALYSIS = YES;
				CLANG_WARN_STRICT_PROTOTYPES = YES;
				CLANG_WARN_SUSPICIOUS_MOVE = YES;
				CLANG_WARN_UNGUARDED_AVAILABILITY = YES_AGGRESSIVE;
				CLANG_WARN_UNREACHABLE_CODE = YES;
				CLANG_WARN__DUPLICATE_METHOD_MATCH = YES;
				COPY_PHASE_STRIP = NO;
				DEBUG_INFORMATION_FORMAT = "dwarf-with-dsym";
				ENABLE_NS_ASSERTIONS = NO;
				ENABLE_STRICT_OBJC_MSGSEND = YES;
				ENABLE_USER_SCRIPT_SANDBOXING = NO;
				GCC_C_LANGUAGE_STANDARD = gnu17;
				GCC_NO_COMMON_BLOCKS = YES;
				GCC_WARN_64_TO_32_BIT_CONVERSION = YES;
				GCC_WARN_ABOUT_RETURN_TYPE = YES_ERROR;
				GCC_WARN_UNDECLARED_SELECTOR = YES;
				GCC_WARN_UNINITIALIZED_AUTOS = YES_AGGRESSIVE;
				GCC_WARN_UNUSED_FUNCTION = YES;
				GCC_WARN_UNUSED_VARIABLE = YES;
				IPHONEOS_DEPLOYMENT_TARGET = 17.2;
				LOCALIZATION_PREFERS_STRING_CATALOGS = YES;
				MTL_ENABLE_DEBUG_INFO = NO;
				MTL_FAST_MATH = YES;
				SDKROOT = iphoneos;
				SWIFT_COMPILATION_MODE = wholemodule;
				VALIDATE_PRODUCT = YES;
			};
			name = Release;
		};
		5CBAED642B6B0A7F006C1A34 /* Debug */ = {
			isa = XCBuildConfiguration;
			baseConfigurationReference = C1D97460DB9AD9EBE732393B /* Pods-MapBlueprint.debug.xcconfig */;
			buildSettings = {
				ALWAYS_EMBED_SWIFT_STANDARD_LIBRARIES = YES;
				ASSETCATALOG_COMPILER_APPICON_NAME = AppIcon;
				ASSETCATALOG_COMPILER_GLOBAL_ACCENT_COLOR_NAME = AccentColor;
				CODE_SIGN_ENTITLEMENTS = MapBlueprint/MapBlueprint.entitlements;
				CODE_SIGN_STYLE = Automatic;
				CURRENT_PROJECT_VERSION = 1;
				DEVELOPMENT_TEAM = NP96938VJW;
				GENERATE_INFOPLIST_FILE = YES;
				INFOPLIST_FILE = MapBlueprint/Info.plist;
				INFOPLIST_KEY_NSBluetoothAlwaysUsageDescription = "Connecting to OBD2 adapters";
				INFOPLIST_KEY_UIApplicationSupportsIndirectInputEvents = YES;
				INFOPLIST_KEY_UILaunchStoryboardName = LaunchScreen;
				INFOPLIST_KEY_UIMainStoryboardFile = Main;
				INFOPLIST_KEY_UIRequiredDeviceCapabilities = armv7;
				INFOPLIST_KEY_UISupportedInterfaceOrientations = "UIInterfaceOrientationPortrait UIInterfaceOrientationLandscapeLeft UIInterfaceOrientationLandscapeRight";
				INFOPLIST_KEY_UISupportedInterfaceOrientations_iPad = "UIInterfaceOrientationPortrait UIInterfaceOrientationPortraitUpsideDown UIInterfaceOrientationLandscapeLeft UIInterfaceOrientationLandscapeRight";
				INFOPLIST_KEY_UISupportedInterfaceOrientations_iPhone = "UIInterfaceOrientationPortrait UIInterfaceOrientationLandscapeLeft UIInterfaceOrientationLandscapeRight";
				LD_RUNPATH_SEARCH_PATHS = (
					"$(inherited)",
					"@executable_path/Frameworks",
				);
				MARKETING_VERSION = 1.0;
				PRODUCT_BUNDLE_IDENTIFIER = "Alex-S.MapBlueprint";
				PRODUCT_NAME = "$(TARGET_NAME)";
				SWIFT_EMIT_LOC_STRINGS = YES;
				SWIFT_VERSION = 5.0;
				TARGETED_DEVICE_FAMILY = "1,2";
			};
			name = Debug;
		};
		5CBAED652B6B0A7F006C1A34 /* Release */ = {
			isa = XCBuildConfiguration;
			baseConfigurationReference = 502E91AD998CC0A44D3088C0 /* Pods-MapBlueprint.release.xcconfig */;
			buildSettings = {
				ALWAYS_EMBED_SWIFT_STANDARD_LIBRARIES = YES;
				ASSETCATALOG_COMPILER_APPICON_NAME = AppIcon;
				ASSETCATALOG_COMPILER_GLOBAL_ACCENT_COLOR_NAME = AccentColor;
				CODE_SIGN_ENTITLEMENTS = MapBlueprint/MapBlueprint.entitlements;
				CODE_SIGN_STYLE = Automatic;
				CURRENT_PROJECT_VERSION = 1;
				DEVELOPMENT_TEAM = NP96938VJW;
				GENERATE_INFOPLIST_FILE = YES;
				INFOPLIST_FILE = MapBlueprint/Info.plist;
				INFOPLIST_KEY_NSBluetoothAlwaysUsageDescription = "Connecting to OBD2 adapters";
				INFOPLIST_KEY_UIApplicationSupportsIndirectInputEvents = YES;
				INFOPLIST_KEY_UILaunchStoryboardName = LaunchScreen;
				INFOPLIST_KEY_UIMainStoryboardFile = Main;
				INFOPLIST_KEY_UIRequiredDeviceCapabilities = armv7;
				INFOPLIST_KEY_UISupportedInterfaceOrientations = "UIInterfaceOrientationPortrait UIInterfaceOrientationLandscapeLeft UIInterfaceOrientationLandscapeRight";
				INFOPLIST_KEY_UISupportedInterfaceOrientations_iPad = "UIInterfaceOrientationPortrait UIInterfaceOrientationPortraitUpsideDown UIInterfaceOrientationLandscapeLeft UIInterfaceOrientationLandscapeRight";
				INFOPLIST_KEY_UISupportedInterfaceOrientations_iPhone = "UIInterfaceOrientationPortrait UIInterfaceOrientationLandscapeLeft UIInterfaceOrientationLandscapeRight";
				LD_RUNPATH_SEARCH_PATHS = (
					"$(inherited)",
					"@executable_path/Frameworks",
				);
				MARKETING_VERSION = 1.0;
				PRODUCT_BUNDLE_IDENTIFIER = "Alex-S.MapBlueprint";
				PRODUCT_NAME = "$(TARGET_NAME)";
				SWIFT_EMIT_LOC_STRINGS = YES;
				SWIFT_VERSION = 5.0;
				TARGETED_DEVICE_FAMILY = "1,2";
			};
			name = Release;
		};
		5CBD61842B7B447C009B00B5 /* Debug */ = {
			isa = XCBuildConfiguration;
			buildSettings = {
				ALWAYS_EMBED_SWIFT_STANDARD_LIBRARIES = YES;
				ASSETCATALOG_COMPILER_APPICON_NAME = AppIcon;
				ASSETCATALOG_COMPILER_GLOBAL_ACCENT_COLOR_NAME = AccentColor;
				CODE_SIGN_ENTITLEMENTS = "MapBlueprintCompanion Watch App/MapBlueprintCompanion Watch App.entitlements";
				CODE_SIGN_STYLE = Automatic;
				CURRENT_PROJECT_VERSION = 1;
				DEVELOPMENT_ASSET_PATHS = "\"MapBlueprintCompanion Watch App/Preview Content\"";
				DEVELOPMENT_TEAM = NP96938VJW;
				ENABLE_PREVIEWS = YES;
				ENABLE_USER_SCRIPT_SANDBOXING = YES;
				GENERATE_INFOPLIST_FILE = YES;
				INFOPLIST_FILE = "MapBlueprintCompanion-Watch-App-Info.plist";
				INFOPLIST_KEY_CFBundleDisplayName = MapBlueprintCompanion;
				INFOPLIST_KEY_UISupportedInterfaceOrientations = "UIInterfaceOrientationPortrait UIInterfaceOrientationPortraitUpsideDown";
				INFOPLIST_KEY_WKCompanionAppBundleIdentifier = "Alex-S.MapBlueprint";
				LD_RUNPATH_SEARCH_PATHS = (
					"$(inherited)",
					"@executable_path/Frameworks",
				);
				MARKETING_VERSION = 1.0;
				PRODUCT_BUNDLE_IDENTIFIER = "Alex-S.MapBlueprint.watchkitapp";
				PRODUCT_NAME = "$(TARGET_NAME)";
				SDKROOT = watchos;
				SKIP_INSTALL = YES;
				SWIFT_EMIT_LOC_STRINGS = YES;
				SWIFT_VERSION = 5.0;
				TARGETED_DEVICE_FAMILY = 4;
				WATCHOS_DEPLOYMENT_TARGET = 10.2;
			};
			name = Debug;
		};
		5CBD61852B7B447C009B00B5 /* Release */ = {
			isa = XCBuildConfiguration;
			buildSettings = {
				ALWAYS_EMBED_SWIFT_STANDARD_LIBRARIES = YES;
				ASSETCATALOG_COMPILER_APPICON_NAME = AppIcon;
				ASSETCATALOG_COMPILER_GLOBAL_ACCENT_COLOR_NAME = AccentColor;
				CODE_SIGN_ENTITLEMENTS = "MapBlueprintCompanion Watch App/MapBlueprintCompanion Watch App.entitlements";
				CODE_SIGN_STYLE = Automatic;
				CURRENT_PROJECT_VERSION = 1;
				DEVELOPMENT_ASSET_PATHS = "\"MapBlueprintCompanion Watch App/Preview Content\"";
				DEVELOPMENT_TEAM = NP96938VJW;
				ENABLE_PREVIEWS = YES;
				ENABLE_USER_SCRIPT_SANDBOXING = YES;
				GENERATE_INFOPLIST_FILE = YES;
				INFOPLIST_FILE = "MapBlueprintCompanion-Watch-App-Info.plist";
				INFOPLIST_KEY_CFBundleDisplayName = MapBlueprintCompanion;
				INFOPLIST_KEY_UISupportedInterfaceOrientations = "UIInterfaceOrientationPortrait UIInterfaceOrientationPortraitUpsideDown";
				INFOPLIST_KEY_WKCompanionAppBundleIdentifier = "Alex-S.MapBlueprint";
				LD_RUNPATH_SEARCH_PATHS = (
					"$(inherited)",
					"@executable_path/Frameworks",
				);
				MARKETING_VERSION = 1.0;
				PRODUCT_BUNDLE_IDENTIFIER = "Alex-S.MapBlueprint.watchkitapp";
				PRODUCT_NAME = "$(TARGET_NAME)";
				SDKROOT = watchos;
				SKIP_INSTALL = YES;
				SWIFT_EMIT_LOC_STRINGS = YES;
				SWIFT_VERSION = 5.0;
				TARGETED_DEVICE_FAMILY = 4;
				WATCHOS_DEPLOYMENT_TARGET = 10.2;
			};
			name = Release;
		};
		5CBD61862B7B447C009B00B5 /* Debug */ = {
			isa = XCBuildConfiguration;
			buildSettings = {
				ALWAYS_EMBED_SWIFT_STANDARD_LIBRARIES = YES;
				BUNDLE_LOADER = "$(TEST_HOST)";
				CODE_SIGN_STYLE = Automatic;
				CURRENT_PROJECT_VERSION = 1;
				DEVELOPMENT_TEAM = NP96938VJW;
				ENABLE_USER_SCRIPT_SANDBOXING = YES;
				GENERATE_INFOPLIST_FILE = YES;
				MARKETING_VERSION = 1.0;
				PRODUCT_BUNDLE_IDENTIFIER = "Shirazi.MapBlueprintCompanion-Watch-AppTests";
				PRODUCT_NAME = "$(TARGET_NAME)";
				SDKROOT = watchos;
				SWIFT_EMIT_LOC_STRINGS = NO;
				SWIFT_VERSION = 5.0;
				TARGETED_DEVICE_FAMILY = 4;
				TEST_HOST = "$(BUILT_PRODUCTS_DIR)/MapBlueprintCompanion Watch App.app/$(BUNDLE_EXECUTABLE_FOLDER_PATH)/MapBlueprintCompanion Watch App";
				WATCHOS_DEPLOYMENT_TARGET = 10.2;
			};
			name = Debug;
		};
		5CBD61872B7B447C009B00B5 /* Release */ = {
			isa = XCBuildConfiguration;
			buildSettings = {
				ALWAYS_EMBED_SWIFT_STANDARD_LIBRARIES = YES;
				BUNDLE_LOADER = "$(TEST_HOST)";
				CODE_SIGN_STYLE = Automatic;
				CURRENT_PROJECT_VERSION = 1;
				DEVELOPMENT_TEAM = NP96938VJW;
				ENABLE_USER_SCRIPT_SANDBOXING = YES;
				GENERATE_INFOPLIST_FILE = YES;
				MARKETING_VERSION = 1.0;
				PRODUCT_BUNDLE_IDENTIFIER = "Shirazi.MapBlueprintCompanion-Watch-AppTests";
				PRODUCT_NAME = "$(TARGET_NAME)";
				SDKROOT = watchos;
				SWIFT_EMIT_LOC_STRINGS = NO;
				SWIFT_VERSION = 5.0;
				TARGETED_DEVICE_FAMILY = 4;
				TEST_HOST = "$(BUILT_PRODUCTS_DIR)/MapBlueprintCompanion Watch App.app/$(BUNDLE_EXECUTABLE_FOLDER_PATH)/MapBlueprintCompanion Watch App";
				WATCHOS_DEPLOYMENT_TARGET = 10.2;
			};
			name = Release;
		};
		5CBD61882B7B447C009B00B5 /* Debug */ = {
			isa = XCBuildConfiguration;
			buildSettings = {
				ALWAYS_EMBED_SWIFT_STANDARD_LIBRARIES = YES;
				CODE_SIGN_STYLE = Automatic;
				CURRENT_PROJECT_VERSION = 1;
				DEVELOPMENT_TEAM = NP96938VJW;
				ENABLE_USER_SCRIPT_SANDBOXING = YES;
				GENERATE_INFOPLIST_FILE = YES;
				MARKETING_VERSION = 1.0;
				PRODUCT_BUNDLE_IDENTIFIER = "Shirazi.MapBlueprintCompanion-Watch-AppUITests";
				PRODUCT_NAME = "$(TARGET_NAME)";
				SDKROOT = watchos;
				SWIFT_EMIT_LOC_STRINGS = NO;
				SWIFT_VERSION = 5.0;
				TARGETED_DEVICE_FAMILY = 4;
				TEST_TARGET_NAME = "MapBlueprintCompanion Watch App";
				WATCHOS_DEPLOYMENT_TARGET = 10.2;
			};
			name = Debug;
		};
		5CBD61892B7B447C009B00B5 /* Release */ = {
			isa = XCBuildConfiguration;
			buildSettings = {
				ALWAYS_EMBED_SWIFT_STANDARD_LIBRARIES = YES;
				CODE_SIGN_STYLE = Automatic;
				CURRENT_PROJECT_VERSION = 1;
				DEVELOPMENT_TEAM = NP96938VJW;
				ENABLE_USER_SCRIPT_SANDBOXING = YES;
				GENERATE_INFOPLIST_FILE = YES;
				MARKETING_VERSION = 1.0;
				PRODUCT_BUNDLE_IDENTIFIER = "Shirazi.MapBlueprintCompanion-Watch-AppUITests";
				PRODUCT_NAME = "$(TARGET_NAME)";
				SDKROOT = watchos;
				SWIFT_EMIT_LOC_STRINGS = NO;
				SWIFT_VERSION = 5.0;
				TARGETED_DEVICE_FAMILY = 4;
				TEST_TARGET_NAME = "MapBlueprintCompanion Watch App";
				WATCHOS_DEPLOYMENT_TARGET = 10.2;
			};
			name = Release;
		};
		5CE57A8F2B7B5D14005F3444 /* Debug */ = {
			isa = XCBuildConfiguration;
			buildSettings = {
				ASSETCATALOG_COMPILER_GLOBAL_ACCENT_COLOR_NAME = AccentColor;
				ASSETCATALOG_COMPILER_WIDGET_BACKGROUND_COLOR_NAME = WidgetBackground;
				CODE_SIGN_ENTITLEMENTS = FuelComplicationExtension.entitlements;
				CODE_SIGN_STYLE = Automatic;
				CURRENT_PROJECT_VERSION = 1;
				DEVELOPMENT_TEAM = NP96938VJW;
				ENABLE_USER_SCRIPT_SANDBOXING = YES;
				GENERATE_INFOPLIST_FILE = YES;
				INFOPLIST_FILE = FuelComplication/Info.plist;
				INFOPLIST_KEY_CFBundleDisplayName = FuelComplication;
				INFOPLIST_KEY_NSHumanReadableCopyright = "";
				LD_RUNPATH_SEARCH_PATHS = (
					"$(inherited)",
					"@executable_path/Frameworks",
					"@executable_path/../../Frameworks",
					"@executable_path/../../../../Frameworks",
				);
				MARKETING_VERSION = 1.0;
				PRODUCT_BUNDLE_IDENTIFIER = "Alex-S.MapBlueprint.watchkitapp.FuelComplication";
				PRODUCT_NAME = "$(TARGET_NAME)";
				SDKROOT = watchos;
				SKIP_INSTALL = YES;
				SWIFT_EMIT_LOC_STRINGS = YES;
				SWIFT_VERSION = 5.0;
				TARGETED_DEVICE_FAMILY = 4;
				WATCHOS_DEPLOYMENT_TARGET = 10.2;
			};
			name = Debug;
		};
		5CE57A902B7B5D14005F3444 /* Release */ = {
			isa = XCBuildConfiguration;
			buildSettings = {
				ASSETCATALOG_COMPILER_GLOBAL_ACCENT_COLOR_NAME = AccentColor;
				ASSETCATALOG_COMPILER_WIDGET_BACKGROUND_COLOR_NAME = WidgetBackground;
				CODE_SIGN_ENTITLEMENTS = FuelComplicationExtension.entitlements;
				CODE_SIGN_STYLE = Automatic;
				CURRENT_PROJECT_VERSION = 1;
				DEVELOPMENT_TEAM = NP96938VJW;
				ENABLE_USER_SCRIPT_SANDBOXING = YES;
				GENERATE_INFOPLIST_FILE = YES;
				INFOPLIST_FILE = FuelComplication/Info.plist;
				INFOPLIST_KEY_CFBundleDisplayName = FuelComplication;
				INFOPLIST_KEY_NSHumanReadableCopyright = "";
				LD_RUNPATH_SEARCH_PATHS = (
					"$(inherited)",
					"@executable_path/Frameworks",
					"@executable_path/../../Frameworks",
					"@executable_path/../../../../Frameworks",
				);
				MARKETING_VERSION = 1.0;
				PRODUCT_BUNDLE_IDENTIFIER = "Alex-S.MapBlueprint.watchkitapp.FuelComplication";
				PRODUCT_NAME = "$(TARGET_NAME)";
				SDKROOT = watchos;
				SKIP_INSTALL = YES;
				SWIFT_EMIT_LOC_STRINGS = YES;
				SWIFT_VERSION = 5.0;
				TARGETED_DEVICE_FAMILY = 4;
				WATCHOS_DEPLOYMENT_TARGET = 10.2;
			};
			name = Release;
		};
		5CE9C3662B7F0F7000E865DA /* Debug */ = {
			isa = XCBuildConfiguration;
			buildSettings = {
				ASSETCATALOG_COMPILER_GLOBAL_ACCENT_COLOR_NAME = AccentColor;
				ASSETCATALOG_COMPILER_WIDGET_BACKGROUND_COLOR_NAME = WidgetBackground;
				CODE_SIGN_ENTITLEMENTS = CoolantComplicationExtension.entitlements;
				CODE_SIGN_STYLE = Automatic;
				CURRENT_PROJECT_VERSION = 1;
				DEVELOPMENT_TEAM = NP96938VJW;
				ENABLE_USER_SCRIPT_SANDBOXING = YES;
				GENERATE_INFOPLIST_FILE = YES;
				INFOPLIST_FILE = CoolantComplication/Info.plist;
				INFOPLIST_KEY_CFBundleDisplayName = CoolantComplication;
				INFOPLIST_KEY_NSHumanReadableCopyright = "";
				LD_RUNPATH_SEARCH_PATHS = (
					"$(inherited)",
					"@executable_path/Frameworks",
					"@executable_path/../../Frameworks",
					"@executable_path/../../../../Frameworks",
				);
				MARKETING_VERSION = 1.0;
				PRODUCT_BUNDLE_IDENTIFIER = "Alex-S.MapBlueprint.watchkitapp.CoolantComplication";
				PRODUCT_NAME = "$(TARGET_NAME)";
				SDKROOT = watchos;
				SKIP_INSTALL = YES;
				SWIFT_EMIT_LOC_STRINGS = YES;
				SWIFT_VERSION = 5.0;
				TARGETED_DEVICE_FAMILY = 4;
				WATCHOS_DEPLOYMENT_TARGET = 10.2;
			};
			name = Debug;
		};
		5CE9C3672B7F0F7000E865DA /* Release */ = {
			isa = XCBuildConfiguration;
			buildSettings = {
				ASSETCATALOG_COMPILER_GLOBAL_ACCENT_COLOR_NAME = AccentColor;
				ASSETCATALOG_COMPILER_WIDGET_BACKGROUND_COLOR_NAME = WidgetBackground;
				CODE_SIGN_ENTITLEMENTS = CoolantComplicationExtension.entitlements;
				CODE_SIGN_STYLE = Automatic;
				CURRENT_PROJECT_VERSION = 1;
				DEVELOPMENT_TEAM = NP96938VJW;
				ENABLE_USER_SCRIPT_SANDBOXING = YES;
				GENERATE_INFOPLIST_FILE = YES;
				INFOPLIST_FILE = CoolantComplication/Info.plist;
				INFOPLIST_KEY_CFBundleDisplayName = CoolantComplication;
				INFOPLIST_KEY_NSHumanReadableCopyright = "";
				LD_RUNPATH_SEARCH_PATHS = (
					"$(inherited)",
					"@executable_path/Frameworks",
					"@executable_path/../../Frameworks",
					"@executable_path/../../../../Frameworks",
				);
				MARKETING_VERSION = 1.0;
				PRODUCT_BUNDLE_IDENTIFIER = "Alex-S.MapBlueprint.watchkitapp.CoolantComplication";
				PRODUCT_NAME = "$(TARGET_NAME)";
				SDKROOT = watchos;
				SKIP_INSTALL = YES;
				SWIFT_EMIT_LOC_STRINGS = YES;
				SWIFT_VERSION = 5.0;
				TARGETED_DEVICE_FAMILY = 4;
				WATCHOS_DEPLOYMENT_TARGET = 10.2;
			};
			name = Release;
		};
		5CE9C37C2B7F0F8300E865DA /* Debug */ = {
			isa = XCBuildConfiguration;
			buildSettings = {
				ASSETCATALOG_COMPILER_GLOBAL_ACCENT_COLOR_NAME = AccentColor;
				ASSETCATALOG_COMPILER_WIDGET_BACKGROUND_COLOR_NAME = WidgetBackground;
				CODE_SIGN_ENTITLEMENTS = OilTemperatureComplicationExtension.entitlements;
				CODE_SIGN_STYLE = Automatic;
				CURRENT_PROJECT_VERSION = 1;
				DEVELOPMENT_TEAM = NP96938VJW;
				ENABLE_USER_SCRIPT_SANDBOXING = YES;
				GENERATE_INFOPLIST_FILE = YES;
				INFOPLIST_FILE = OilTemperatureComplication/Info.plist;
				INFOPLIST_KEY_CFBundleDisplayName = OilTemperatureComplication;
				INFOPLIST_KEY_NSHumanReadableCopyright = "";
				LD_RUNPATH_SEARCH_PATHS = (
					"$(inherited)",
					"@executable_path/Frameworks",
					"@executable_path/../../Frameworks",
					"@executable_path/../../../../Frameworks",
				);
				MARKETING_VERSION = 1.0;
				PRODUCT_BUNDLE_IDENTIFIER = "Alex-S.MapBlueprint.watchkitapp.OilTemperatureComplication";
				PRODUCT_NAME = "$(TARGET_NAME)";
				SDKROOT = watchos;
				SKIP_INSTALL = YES;
				SWIFT_EMIT_LOC_STRINGS = YES;
				SWIFT_VERSION = 5.0;
				TARGETED_DEVICE_FAMILY = 4;
				WATCHOS_DEPLOYMENT_TARGET = 10.2;
			};
			name = Debug;
		};
		5CE9C37D2B7F0F8300E865DA /* Release */ = {
			isa = XCBuildConfiguration;
			buildSettings = {
				ASSETCATALOG_COMPILER_GLOBAL_ACCENT_COLOR_NAME = AccentColor;
				ASSETCATALOG_COMPILER_WIDGET_BACKGROUND_COLOR_NAME = WidgetBackground;
				CODE_SIGN_ENTITLEMENTS = OilTemperatureComplicationExtension.entitlements;
				CODE_SIGN_STYLE = Automatic;
				CURRENT_PROJECT_VERSION = 1;
				DEVELOPMENT_TEAM = NP96938VJW;
				ENABLE_USER_SCRIPT_SANDBOXING = YES;
				GENERATE_INFOPLIST_FILE = YES;
				INFOPLIST_FILE = OilTemperatureComplication/Info.plist;
				INFOPLIST_KEY_CFBundleDisplayName = OilTemperatureComplication;
				INFOPLIST_KEY_NSHumanReadableCopyright = "";
				LD_RUNPATH_SEARCH_PATHS = (
					"$(inherited)",
					"@executable_path/Frameworks",
					"@executable_path/../../Frameworks",
					"@executable_path/../../../../Frameworks",
				);
				MARKETING_VERSION = 1.0;
				PRODUCT_BUNDLE_IDENTIFIER = "Alex-S.MapBlueprint.watchkitapp.OilTemperatureComplication";
				PRODUCT_NAME = "$(TARGET_NAME)";
				SDKROOT = watchos;
				SKIP_INSTALL = YES;
				SWIFT_EMIT_LOC_STRINGS = YES;
				SWIFT_VERSION = 5.0;
				TARGETED_DEVICE_FAMILY = 4;
				WATCHOS_DEPLOYMENT_TARGET = 10.2;
			};
			name = Release;
		};
/* End XCBuildConfiguration section */

/* Begin XCConfigurationList section */
		5CB3A8692B7CBE11002A9C49 /* Build configuration list for PBXNativeTarget "CoffeeComplicationExtension" */ = {
			isa = XCConfigurationList;
			buildConfigurations = (
				5CB3A86A2B7CBE11002A9C49 /* Debug */,
				5CB3A86B2B7CBE11002A9C49 /* Release */,
			);
			defaultConfigurationIsVisible = 0;
			defaultConfigurationName = Release;
		};
		5CBAED4A2B6B0A7E006C1A34 /* Build configuration list for PBXProject "MapBlueprint" */ = {
			isa = XCConfigurationList;
			buildConfigurations = (
				5CBAED612B6B0A7F006C1A34 /* Debug */,
				5CBAED622B6B0A7F006C1A34 /* Release */,
			);
			defaultConfigurationIsVisible = 0;
			defaultConfigurationName = Release;
		};
		5CBAED632B6B0A7F006C1A34 /* Build configuration list for PBXNativeTarget "MapBlueprint" */ = {
			isa = XCConfigurationList;
			buildConfigurations = (
				5CBAED642B6B0A7F006C1A34 /* Debug */,
				5CBAED652B6B0A7F006C1A34 /* Release */,
			);
			defaultConfigurationIsVisible = 0;
			defaultConfigurationName = Release;
		};
		5CBD618A2B7B447C009B00B5 /* Build configuration list for PBXNativeTarget "MapBlueprintCompanion Watch App" */ = {
			isa = XCConfigurationList;
			buildConfigurations = (
				5CBD61842B7B447C009B00B5 /* Debug */,
				5CBD61852B7B447C009B00B5 /* Release */,
			);
			defaultConfigurationIsVisible = 0;
			defaultConfigurationName = Release;
		};
		5CBD618B2B7B447C009B00B5 /* Build configuration list for PBXNativeTarget "MapBlueprintCompanion Watch AppTests" */ = {
			isa = XCConfigurationList;
			buildConfigurations = (
				5CBD61862B7B447C009B00B5 /* Debug */,
				5CBD61872B7B447C009B00B5 /* Release */,
			);
			defaultConfigurationIsVisible = 0;
			defaultConfigurationName = Release;
		};
		5CBD618C2B7B447C009B00B5 /* Build configuration list for PBXNativeTarget "MapBlueprintCompanion Watch AppUITests" */ = {
			isa = XCConfigurationList;
			buildConfigurations = (
				5CBD61882B7B447C009B00B5 /* Debug */,
				5CBD61892B7B447C009B00B5 /* Release */,
			);
			defaultConfigurationIsVisible = 0;
			defaultConfigurationName = Release;
		};
		5CE57A912B7B5D14005F3444 /* Build configuration list for PBXNativeTarget "FuelComplicationExtension" */ = {
			isa = XCConfigurationList;
			buildConfigurations = (
				5CE57A8F2B7B5D14005F3444 /* Debug */,
				5CE57A902B7B5D14005F3444 /* Release */,
			);
			defaultConfigurationIsVisible = 0;
			defaultConfigurationName = Release;
		};
		5CE9C3682B7F0F7000E865DA /* Build configuration list for PBXNativeTarget "CoolantComplicationExtension" */ = {
			isa = XCConfigurationList;
			buildConfigurations = (
				5CE9C3662B7F0F7000E865DA /* Debug */,
				5CE9C3672B7F0F7000E865DA /* Release */,
			);
			defaultConfigurationIsVisible = 0;
			defaultConfigurationName = Release;
		};
		5CE9C37B2B7F0F8300E865DA /* Build configuration list for PBXNativeTarget "OilTemperatureComplicationExtension" */ = {
			isa = XCConfigurationList;
			buildConfigurations = (
				5CE9C37C2B7F0F8300E865DA /* Debug */,
				5CE9C37D2B7F0F8300E865DA /* Release */,
			);
			defaultConfigurationIsVisible = 0;
			defaultConfigurationName = Release;
		};
/* End XCConfigurationList section */
	};
	rootObject = 5CBAED472B6B0A7E006C1A34 /* Project object */;
}
